# Generated by conda-lock.
# platform: linux-64
# input_hash: fe8161e028ab0423ec37942832926055be6434207a26579f658da79417d8c3ef
@EXPLICIT
https://conda.anaconda.org/conda-forge/linux-64/_libgcc_mutex-0.1-conda_forge.tar.bz2#d7c89558ba9fa0495403155b64376d81
https://conda.anaconda.org/conda-forge/noarch/_r-mutex-1.0.1-anacondar_1.tar.bz2#19f9db5f4f1b7f5ef5f6d67207f25f38
https://conda.anaconda.org/conda-forge/linux-64/ca-certificates-2024.8.30-hbcca054_0.conda#c27d1c142233b5bc9ca570c6e2e0c244
https://conda.anaconda.org/conda-forge/noarch/font-ttf-dejavu-sans-mono-2.37-hab24e00_0.tar.bz2#0c96522c6bdaed4b1566d11387caaf45
https://conda.anaconda.org/conda-forge/noarch/font-ttf-inconsolata-3.000-h77eed37_0.tar.bz2#34893075a5c9e55cdafac56607368fc6
https://conda.anaconda.org/conda-forge/noarch/font-ttf-source-code-pro-2.038-h77eed37_0.tar.bz2#4d59c254e01d9cde7957100457e2d5fb
https://conda.anaconda.org/conda-forge/noarch/font-ttf-ubuntu-0.83-h77eed37_3.conda#49023d73832ef61042f6a237cb2687e7
https://conda.anaconda.org/conda-forge/noarch/kernel-headers_linux-64-3.10.0-he073ed8_17.conda#285931bd28b3b8f176d46dd9fd627a09
https://conda.anaconda.org/conda-forge/linux-64/pandoc-3.5-ha770c72_0.conda#2889e6b9c666c3a564ab90cedc5832fd
https://conda.anaconda.org/conda-forge/linux-64/python_abi-3.12-5_cp312.conda#0424ae29b104430108f5218a66db7260
https://conda.anaconda.org/conda-forge/noarch/tzdata-2024b-hc8b5060_0.conda#8ac3367aafb1cc0a068483c580af8015
https://conda.anaconda.org/conda-forge/noarch/fonts-conda-forge-1-0.tar.bz2#f766549260d6815b0c52253f1fb1bb29
https://conda.anaconda.org/conda-forge/linux-64/ld_impl_linux-64-2.43-h712a8e2_1.conda#83e1364586ceb8d0739fbc85b5c95837
https://conda.anaconda.org/conda-forge/noarch/libgcc-devel_linux-64-14.1.0-h5d3d1c9_101.conda#713834677de996ac1bc1b0b305ba46ba
https://conda.anaconda.org/conda-forge/linux-64/libgomp-14.1.0-h77fa898_1.conda#23c255b008c4f2ae008f81edcabaca89
https://conda.anaconda.org/conda-forge/noarch/libstdcxx-devel_linux-64-14.1.0-h5d3d1c9_101.conda#e007246a554aaf42f73fbfd4be8db3e4
https://conda.anaconda.org/conda-forge/noarch/sysroot_linux-64-2.17-h4a8ded7_17.conda#f58cb23983633068700a756f0b5f165a
https://conda.anaconda.org/conda-forge/linux-64/_openmp_mutex-4.5-2_gnu.tar.bz2#73aaf86a425cc6e73fcf236a5a46396d
https://conda.anaconda.org/conda-forge/linux-64/binutils_impl_linux-64-2.43-h4bf12b8_1.conda#5f354010f194e85dc681dec92405ef9e
https://conda.anaconda.org/conda-forge/noarch/fonts-conda-ecosystem-1-0.tar.bz2#fee5683a3f04bd15cbd8318b096a27ab
https://conda.anaconda.org/conda-forge/linux-64/libgcc-14.1.0-h77fa898_1.conda#002ef4463dd1e2b44a94a4ace468f5d2
https://conda.anaconda.org/conda-forge/linux-64/aws-c-common-0.9.28-hb9d3cd8_0.conda#1b53af320b24547ce0fb8196d2604542
https://conda.anaconda.org/conda-forge/linux-64/libbrotlicommon-1.1.0-hb9d3cd8_2.conda#41b599ed2b02abcfdd84302bff174b23
https://conda.anaconda.org/conda-forge/linux-64/libdeflate-1.22-hb9d3cd8_0.conda#b422943d5d772b7cc858b36ad2a92db5
https://conda.anaconda.org/conda-forge/linux-64/libexpat-2.6.3-h5888daf_0.conda#59f4c43bb1b5ef1c71946ff2cbf59524
https://conda.anaconda.org/conda-forge/linux-64/libgcc-ng-14.1.0-h69a702a_1.conda#1efc0ad219877a73ef977af7dbb51f17
https://conda.anaconda.org/conda-forge/linux-64/libgfortran5-14.1.0-hc5f4f2c_1.conda#10a0cef64b784d6ab6da50ebca4e984d
https://conda.anaconda.org/conda-forge/linux-64/libstdcxx-14.1.0-hc0a3c3a_1.conda#9dbb9699ea467983ba8a4ba89b08b066
https://conda.anaconda.org/conda-forge/linux-64/libzlib-1.3.1-hb9d3cd8_2.conda#edb0dca6bc32e4f4789199455a1dbeb8
https://conda.anaconda.org/conda-forge/linux-64/make-4.4.1-hb9d3cd8_2.conda#33405d2a66b1411db9f7242c8b97c9e7
https://conda.anaconda.org/conda-forge/linux-64/openssl-3.3.2-hb9d3cd8_0.conda#4d638782050ab6faa27275bed57e9b4e
https://conda.anaconda.org/conda-forge/linux-64/pthread-stubs-0.4-hb9d3cd8_1002.conda#b3c17d95b5a10c6e64a21fa17573e70e
https://conda.anaconda.org/conda-forge/linux-64/xorg-libice-1.1.1-hb9d3cd8_1.conda#19608a9656912805b2b9a2f6bd257b04
https://conda.anaconda.org/conda-forge/linux-64/xorg-libxau-1.0.11-hb9d3cd8_1.conda#77cbc488235ebbaab2b6e912d3934bae
https://conda.anaconda.org/conda-forge/linux-64/xorg-libxdmcp-1.1.5-hb9d3cd8_0.conda#8035c64cb77ed555e3f150b7b3972480
https://conda.anaconda.org/conda-forge/linux-64/xorg-xorgproto-2024.1-hb9d3cd8_1.conda#7c21106b851ec72c037b162c216d8f05
https://conda.anaconda.org/conda-forge/linux-64/aws-c-cal-0.7.4-hfd43aa1_1.conda#f301eb944d297fc879c441fffe461d8a
https://conda.anaconda.org/conda-forge/linux-64/aws-c-compression-0.2.19-h756ea98_1.conda#5e08c385a1b8a79b52012b74653bbb99
https://conda.anaconda.org/conda-forge/linux-64/aws-c-sdkutils-0.1.19-h756ea98_3.conda#bfe6623096906d2502c78ccdbfc3bc7a
https://conda.anaconda.org/conda-forge/linux-64/aws-checksums-0.1.20-h756ea98_0.conda#ff7dbb319545f4bd1e5e0f8555cf9e7f
https://conda.anaconda.org/conda-forge/linux-64/bzip2-1.0.8-h4bc722e_7.conda#62ee74e96c5ebb0af99386de58cf9553
https://conda.anaconda.org/conda-forge/linux-64/c-ares-1.33.1-heb4867d_0.conda#0d3c60291342c0c025db231353376dfb
https://conda.anaconda.org/conda-forge/linux-64/expat-2.6.3-h5888daf_0.conda#6595440079bed734b113de44ffd3cd0a
https://conda.anaconda.org/conda-forge/linux-64/fribidi-1.0.10-h36c2ea0_0.tar.bz2#ac7bc6a654f8f41b352b38f4051135f8
https://conda.anaconda.org/conda-forge/linux-64/gflags-2.2.2-h5888daf_1005.conda#d411fc29e338efb48c5fd4576d71d881
https://conda.anaconda.org/conda-forge/linux-64/keyutils-1.6.1-h166bdaf_0.tar.bz2#30186d27e2c9fa62b45fb1476b7200e3
https://conda.anaconda.org/conda-forge/linux-64/libabseil-20240722.0-cxx17_h5888daf_1.conda#e1f604644fe8d78e22660e2fec6756bc
https://conda.anaconda.org/conda-forge/linux-64/libbrotlidec-1.1.0-hb9d3cd8_2.conda#9566f0bd264fbd463002e759b8a82401
https://conda.anaconda.org/conda-forge/linux-64/libbrotlienc-1.1.0-hb9d3cd8_2.conda#06f70867945ea6a84d35836af780f1de
https://conda.anaconda.org/conda-forge/linux-64/libev-4.33-hd590300_2.conda#172bf1cd1ff8629f2b1179945ed45055
https://conda.anaconda.org/conda-forge/linux-64/libevent-2.1.12-hf998b51_1.conda#a1cfcc585f0c42bf8d5546bb1dfb668d
https://conda.anaconda.org/conda-forge/linux-64/libffi-3.4.2-h7f98852_5.tar.bz2#d645c6d2ac96843a2bfaccd2d62b3ac3
https://conda.anaconda.org/conda-forge/linux-64/libgfortran-14.1.0-h69a702a_1.conda#591e631bc1ae62c64f2ab4f66178c097
https://conda.anaconda.org/conda-forge/linux-64/libiconv-1.17-hd590300_2.conda#d66573916ffcf376178462f1b61c941e
https://conda.anaconda.org/conda-forge/linux-64/libjpeg-turbo-3.0.0-hd590300_1.conda#ea25936bb4080d843790b586850f82b8
https://conda.anaconda.org/conda-forge/linux-64/libnsl-2.0.1-hd590300_0.conda#30fd6e37fe21f86f4bd26d6ee73eeec7
https://conda.anaconda.org/conda-forge/linux-64/libpng-1.6.44-hadc24fc_0.conda#f4cc49d7aa68316213e4b12be35308d1
https://conda.anaconda.org/conda-forge/linux-64/libsanitizer-14.1.0-hcba0ae0_1.conda#b56e6664bb9a57a29fd91df582223409
https://conda.anaconda.org/conda-forge/linux-64/libsqlite-3.46.1-hadc24fc_0.conda#36f79405ab16bf271edb55b213836dac
https://conda.anaconda.org/conda-forge/linux-64/libssh2-1.11.0-h0841786_0.conda#1f5a58e686b13bcfde88b93f547d23fe
https://conda.anaconda.org/conda-forge/linux-64/libstdcxx-ng-14.1.0-h4852527_1.conda#bd2598399a70bb86d8218e95548d735e
https://conda.anaconda.org/conda-forge/linux-64/libutf8proc-2.8.0-h166bdaf_0.tar.bz2#ede4266dc02e875fe1ea77b25dd43747
https://conda.anaconda.org/conda-forge/linux-64/libuuid-2.38.1-h0b41bf4_0.conda#40b61aab5c7ba9ff276c41cfffe6b80b
https://conda.anaconda.org/conda-forge/linux-64/libwebp-base-1.4.0-hd590300_0.conda#b26e8aa824079e1be0294e7152ca4559
https://conda.anaconda.org/conda-forge/linux-64/libxcb-1.17.0-h8a09558_0.conda#92ed62436b625154323d40d5f2f11dd7
https://conda.anaconda.org/conda-forge/linux-64/libxcrypt-4.4.36-hd590300_1.conda#5aa797f8787fe7a17d1b0821485b5adc
https://conda.anaconda.org/conda-forge/linux-64/ncurses-6.5-he02047a_1.conda#70caf8bb6cf39a0b6b7efc885f51c0fe
https://conda.anaconda.org/conda-forge/linux-64/s2n-1.5.4-h1380c3d_0.conda#4e63e4713ffc9cddc3d5d435b5853b93
https://conda.anaconda.org/conda-forge/linux-64/sed-4.8-he412f7d_0.tar.bz2#7362f0042e95681f5d371c46c83ebd08
https://conda.anaconda.org/conda-forge/linux-64/tk-8.6.13-noxft_h4845f30_101.conda#d453b98d9c83e71da0741bb0ff4d76bc
https://conda.anaconda.org/conda-forge/linux-64/xz-5.2.6-h166bdaf_0.tar.bz2#2161070d867d1b1204ea749c8eec4ef0
https://conda.anaconda.org/conda-forge/linux-64/zlib-1.3.1-hb9d3cd8_2.conda#c9f075ab2f33b3bbee9e62d4ad0a6cd8
https://conda.anaconda.org/conda-forge/linux-64/aws-c-io-0.14.18-h4e6ae90_11.conda#21fd3e17dab1b20a0acdbc8b406ee7af
https://conda.anaconda.org/conda-forge/linux-64/bwidget-1.9.14-ha770c72_1.tar.bz2#5746d6202ba2abad4a4707f2a2462795
https://conda.anaconda.org/conda-forge/linux-64/freetype-2.12.1-h267a509_2.conda#9ae35c3d96db2c94ce0cef86efdfa2cb
https://conda.anaconda.org/conda-forge/linux-64/gcc_impl_linux-64-14.1.0-h3c94d91_1.conda#4e32ec060bf4a30c6fff81a920dc0ec9
https://conda.anaconda.org/conda-forge/linux-64/glog-0.7.1-hbabe93e_0.conda#ff862eebdfeb2fd048ae9dc92510baca
https://conda.anaconda.org/conda-forge/linux-64/graphite2-1.3.13-h59595ed_1003.conda#f87c7b7c2cb45f323ffbce941c78ab7c
https://conda.anaconda.org/conda-forge/linux-64/icu-75.1-he02047a_0.conda#8b189310083baabfb622af68fd9d3ae3
https://conda.anaconda.org/conda-forge/linux-64/lerc-4.0.0-h27087fc_0.tar.bz2#76bbff344f0134279f225174e9064c8f
https://conda.anaconda.org/conda-forge/linux-64/libcrc32c-1.1.2-h9c3ff4c_0.tar.bz2#c965a5aa0d5c1c37ffc62dff36e28400
https://conda.anaconda.org/conda-forge/linux-64/libedit-3.1.20191231-he28a2e2_2.tar.bz2#4d331e44109e3f0e19b4cb8f9b82f3e1
https://conda.anaconda.org/conda-forge/linux-64/libgfortran-ng-14.1.0-h69a702a_1.conda#16cec94c5992d7f42ae3f9fa8b25df8d
https://conda.anaconda.org/conda-forge/linux-64/libnghttp2-1.58.0-h47da74e_1.conda#700ac6ea6d53d5510591c4344d5c989a
https://conda.anaconda.org/conda-forge/linux-64/libprotobuf-5.27.5-h5b01275_2.conda#66ed3107adbdfc25ba70454ba11e6d1e
https://conda.anaconda.org/conda-forge/linux-64/libre2-11-2023.09.01-hbbce691_3.conda#f7f3ff4fff310fcac18769ce3f46e40a
https://conda.anaconda.org/conda-forge/linux-64/libthrift-0.21.0-h0e7cc3e_0.conda#dcb95c0a98ba9ff737f7ae482aef7833
https://conda.anaconda.org/conda-forge/linux-64/lz4-c-1.9.4-hcb278e6_0.conda#318b08df404f9c9be5712aaa5a6f0bb0
https://conda.anaconda.org/conda-forge/linux-64/pcre2-10.44-hba22ea6_2.conda#df359c09c41cd186fffb93a2d87aa6f5
https://conda.anaconda.org/conda-forge/linux-64/pixman-0.43.2-h59595ed_0.conda#71004cbf7924e19c02746ccde9fd7123
https://conda.anaconda.org/conda-forge/linux-64/readline-8.2-h8228510_1.conda#47d31b792659ce70f470b5c82fdfb7a4
https://conda.anaconda.org/conda-forge/linux-64/snappy-1.2.1-ha2e4443_0.conda#6b7dcc7349efd123d493d2dbe85a045f
https://conda.anaconda.org/conda-forge/linux-64/tktable-2.10-h8bc8fbc_6.conda#dff3627fec2c0584ded391205295abf0
https://conda.anaconda.org/conda-forge/linux-64/xorg-libsm-1.2.4-he73a12e_1.conda#05a8ea5f446de33006171a7afe6ae857
https://conda.anaconda.org/conda-forge/linux-64/xorg-libx11-1.8.10-h4f16b4b_0.conda#0b666058a179b744a622d0a4a0c56353
https://conda.anaconda.org/conda-forge/linux-64/zstd-1.5.6-ha6fb4c9_0.conda#4d056880988120e29d75bfff282e0f45
https://conda.anaconda.org/conda-forge/linux-64/aws-c-event-stream-0.4.3-h29ce20c_2.conda#d533baa7e43239591d5cc0233849c475
https://conda.anaconda.org/conda-forge/linux-64/aws-c-http-0.8.10-h5e77a74_0.conda#947cd303444ea92a382a10e43bad1a3f
https://conda.anaconda.org/conda-forge/linux-64/fontconfig-2.14.2-h14ed4e7_0.conda#0f69b688f52ff6da70bccb7ff7001d1d
https://conda.anaconda.org/conda-forge/linux-64/gfortran_impl_linux-64-14.1.0-he4a1faa_1.conda#0ae35a9298e2475dc877da9adaa8e490
https://conda.anaconda.org/conda-forge/linux-64/gxx_impl_linux-64-14.1.0-h8d00ecb_1.conda#6ae4069622b29253444c3326613a8e1a
https://conda.anaconda.org/conda-forge/linux-64/krb5-1.21.3-h659f571_0.conda#3f43953b7d3fb3aaa1d0d0723d91e368
https://conda.anaconda.org/conda-forge/linux-64/libglib-2.82.1-h2ff4ddf_0.conda#47a2209fa0df11797df0b767d1de1275
https://conda.anaconda.org/conda-forge/linux-64/libopenblas-0.3.27-pthreads_hac2b453_1.conda#ae05ece66d3924ac3d48b4aa3fa96cec
https://conda.anaconda.org/conda-forge/linux-64/libtiff-4.7.0-he137b08_1.conda#63872517c98aa305da58a757c443698e
https://conda.anaconda.org/conda-forge/linux-64/libxml2-2.12.7-he7c6b58_4.conda#08a9265c637230c37cb1be4a6cad4536
https://conda.anaconda.org/conda-forge/linux-64/orc-2.0.2-h690cf93_1.conda#0044701dd48af57d3d5467a704ef9ebd
https://conda.anaconda.org/conda-forge/linux-64/python-3.12.7-hc5c86c4_0_cpython.conda#0515111a9cdf69f83278f7c197db9807
https://conda.anaconda.org/conda-forge/linux-64/re2-2023.09.01-h77b4e00_3.conda#173a62ebf031d6d53462f8f657c800bb
https://conda.anaconda.org/conda-forge/linux-64/xorg-libxext-1.3.6-hb9d3cd8_0.conda#febbab7d15033c913d53c7a2c102309d
https://conda.anaconda.org/conda-forge/linux-64/xorg-libxrender-0.9.11-hb9d3cd8_1.conda#a7a49a8b85122b49214798321e2e96b4
https://conda.anaconda.org/conda-forge/linux-64/xorg-libxt-1.3.0-hb9d3cd8_2.conda#d8602724ac0d276c380b97e9eb0f814b
https://conda.anaconda.org/conda-forge/linux-64/aws-c-auth-0.7.31-h57bd9a3_0.conda#83be3b5e072d88b76841cc02c6dd458e
https://conda.anaconda.org/conda-forge/linux-64/aws-c-mqtt-0.10.6-h02abb05_0.conda#73d09018ed22e5208f25d71b1496a853
https://conda.anaconda.org/conda-forge/linux-64/brotli-python-1.1.0-py312h2ec8cdc_2.conda#b0b867af6fc74b2a0aa206da29c0f3cf
https://conda.anaconda.org/conda-forge/linux-64/cairo-1.18.0-hebfffa5_3.conda#fceaedf1cdbcb02df9699a0d9b005292
https://conda.anaconda.org/conda-forge/noarch/hpack-4.0.0-pyh9f0ad1d_0.tar.bz2#914d6646c4dbb1fd3ff539830a12fd71
https://conda.anaconda.org/conda-forge/noarch/hyperframe-6.0.1-pyhd8ed1ab_0.tar.bz2#9f765cbfab6870c8435b9eefecd7a1f4
https://conda.anaconda.org/conda-forge/noarch/jmespath-1.0.1-pyhd8ed1ab_0.tar.bz2#2cfa3e1cf3fb51bb9b17acc5b5e9ea11
https://conda.anaconda.org/conda-forge/linux-64/libblas-3.9.0-24_linux64_openblas.conda#80aea6603a6813b16ec119d00382b772
https://conda.anaconda.org/conda-forge/linux-64/libcurl-8.10.1-hbbe4b11_0.conda#6e801c50a40301f6978c53976917b277
https://conda.anaconda.org/conda-forge/linux-64/libgrpc-1.65.5-hf5c653b_0.conda#3b0048cabc6815a4d8874a0240519d32
https://conda.anaconda.org/conda-forge/noarch/pycparser-2.22-pyhd8ed1ab_0.conda#844d9eb3b43095b031874477f7d70088
https://conda.anaconda.org/conda-forge/noarch/pysocks-1.7.1-pyha2e5f31_6.tar.bz2#2a7de29fb590ca14b5243c4c812c8025
https://conda.anaconda.org/conda-forge/noarch/six-1.16.0-pyh6c4a22f_0.tar.bz2#e5f25f8dbc060e9a8d912e432202afc2
https://conda.anaconda.org/conda-forge/linux-64/aws-c-s3-0.6.6-h834ce55_0.conda#dbf33f245023697941d4ff6b996d2b2c
https://conda.anaconda.org/conda-forge/linux-64/azure-core-cpp-1.13.0-h935415a_0.conda#debd1677c2fea41eb2233a260f48a298
https://conda.anaconda.org/conda-forge/linux-64/cffi-1.17.1-py312h06ac9bb_0.conda#a861504bbea4161a9170b85d4d2be840
https://conda.anaconda.org/conda-forge/linux-64/curl-8.10.1-hbbe4b11_0.conda#73c561c6b84bda71776c9fa21517e7eb
https://conda.anaconda.org/conda-forge/noarch/h2-4.1.0-pyhd8ed1ab_0.tar.bz2#b748fbf7060927a6e82df7cb5ee8f097
https://conda.anaconda.org/conda-forge/linux-64/harfbuzz-9.0.0-hda332d3_1.conda#76b32dcf243444aea9c6b804bcfa40b8
https://conda.anaconda.org/conda-forge/linux-64/libcblas-3.9.0-24_linux64_openblas.conda#f5b8822297c9c790cec0795ca1fc9be6
https://conda.anaconda.org/conda-forge/linux-64/libgoogle-cloud-2.29.0-h438788a_1.conda#3d27459264de681a74c0aebbbd3ecd8f
https://conda.anaconda.org/conda-forge/linux-64/liblapack-3.9.0-24_linux64_openblas.conda#fd540578678aefe025705f4b58b36b2e
https://conda.anaconda.org/conda-forge/noarch/python-dateutil-2.9.0-pyhd8ed1ab_0.conda#2cf4264fffb9e6eff6031c5b6884d61c
https://conda.anaconda.org/conda-forge/linux-64/aws-crt-cpp-0.28.3-h469002c_5.conda#32c889edce6ee7b9004dfce76c3f23d8
https://conda.anaconda.org/conda-forge/linux-64/azure-identity-cpp-1.9.0-hd126650_0.conda#470dd41567c68110f0ca2268cd434d8a
https://conda.anaconda.org/conda-forge/linux-64/azure-storage-common-cpp-12.8.0-ha3822c6_0.conda#d4a0f1f34459947781a6975beb505fa9
https://conda.anaconda.org/conda-forge/linux-64/gsl-2.7-he838d99_0.tar.bz2#fec079ba39c9cca093bf4c00001825de
https://conda.anaconda.org/conda-forge/linux-64/libgoogle-cloud-storage-2.29.0-h0121fbd_1.conda#ea93fded95ddff7798e28954c446e22f
https://conda.anaconda.org/conda-forge/linux-64/pango-1.54.0-h4c5309f_1.conda#7df02e445367703cd87a574046e3a6f0
https://conda.anaconda.org/conda-forge/linux-64/zstandard-0.23.0-py312hef9b889_1.conda#8b7069e9792ee4e5b4919a7a306d2e67
https://conda.anaconda.org/conda-forge/linux-64/aws-sdk-cpp-1.11.407-h9f1560d_0.conda#5c3dd49b04db05e0e884de48ff77ae24
https://conda.anaconda.org/conda-forge/linux-64/azure-storage-blobs-cpp-12.13.0-h1d30c4a_0.conda#378dd9c6347c112d301421a00d6446a9
https://conda.anaconda.org/conda-forge/linux-64/r-base-4.3.3-h9967228_14.conda#147bc8f0c0695a7f29284fc47a8c4bb9
https://conda.anaconda.org/conda-forge/noarch/urllib3-2.2.3-pyhd8ed1ab_0.conda#6b55867f385dd762ed99ea687af32a69
https://conda.anaconda.org/conda-forge/linux-64/azure-storage-files-datalake-cpp-12.12.0-h0f25b8a_0.conda#7477b3a3f09927fbc47cd69e3f3430ea
https://conda.anaconda.org/conda-forge/noarch/botocore-1.35.34-pyge310_1234567_0.conda#ff0c99dc06a75ce7cd64520427038ee6
https://conda.anaconda.org/conda-forge/noarch/r-assertthat-0.2.1-r43hc72bb7e_5.conda#830d74ef2014697ec7f95922cd6edcef
https://conda.anaconda.org/conda-forge/linux-64/r-base64enc-0.1_3-r43hb1dbf0f_1007.conda#3509080778587bf9d42eae11e0246633
https://conda.anaconda.org/conda-forge/linux-64/r-bit-4.5.0-r43h2b5f3a1_0.conda#c6852e3a0800b67e96827ebdaa756be5
https://conda.anaconda.org/conda-forge/linux-64/r-brio-1.1.5-r43hb1dbf0f_1.conda#57032df549b16ca7bb49e961fc0cd8ee
https://conda.anaconda.org/conda-forge/linux-64/r-cli-3.6.3-r43h0d4f4ea_1.conda#ba1f08e0eab53429d77026adb68960a5
https://conda.anaconda.org/conda-forge/noarch/r-clipr-0.8.0-r43hc72bb7e_3.conda#57efbe0d7deb70566c3314c2f6be7a22
https://conda.anaconda.org/conda-forge/linux-64/r-colorspace-2.1_1-r43hdb488b9_0.conda#0c6d4c26ca41246a4053d79e1b4d78ff
https://conda.anaconda.org/conda-forge/noarch/r-cpp11-0.5.0-r43hc72bb7e_0.conda#fdf23cce04ebfbdca0adb2ed88a92092
https://conda.anaconda.org/conda-forge/noarch/r-crayon-1.5.3-r43hc72bb7e_1.conda#bafc77be1942ea00228cf18d2cb30e35
https://conda.anaconda.org/conda-forge/linux-64/r-curl-5.2.1-r43h6b349a7_1.conda#11b8e08ae968d29fdf2a2d3ed5ccdb79
https://conda.anaconda.org/conda-forge/linux-64/r-data.table-1.15.4-r43h5f06984_1.conda#e77138aa6d376a2289f5839c99f4cbe3
https://conda.anaconda.org/conda-forge/noarch/r-dbi-1.2.3-r43hc72bb7e_1.conda#6a3941852688f1291271e4ef5772425d
https://conda.anaconda.org/conda-forge/linux-64/r-digest-0.6.37-r43h0d4f4ea_0.conda#edcd201672d47f522666954cc7b25e0d
https://conda.anaconda.org/conda-forge/noarch/r-evaluate-1.0.0-r43hc72bb7e_0.conda#210ca019ccb9ed3b84796a06d14f42d1
https://conda.anaconda.org/conda-forge/linux-64/r-fansi-1.0.6-r43hb1dbf0f_1.conda#4c17a0f74a974316fdfafa5a9fe91b52
https://conda.anaconda.org/conda-forge/linux-64/r-farver-2.1.2-r43ha18555a_1.conda#85a82a5b78397daf57f002120aed9e3e
https://conda.anaconda.org/conda-forge/linux-64/r-fastmap-1.2.0-r43ha18555a_1.conda#ac100509c0d93c8dc19e53fb299a48b5
https://conda.anaconda.org/conda-forge/noarch/r-findpython-1.0.8-r43hc72bb7e_2.conda#38cbadb7db8352ee0f06716ca17c67f8
https://conda.anaconda.org/conda-forge/linux-64/r-fs-1.6.4-r43ha18555a_1.conda#a6ea7a4871b7129f41c7ab8940792107
https://conda.anaconda.org/conda-forge/noarch/r-generics-0.1.3-r43hc72bb7e_3.conda#2d352e143ff3536b257fe53e4ba91a00
https://conda.anaconda.org/conda-forge/noarch/r-getopt-1.20.4-r43ha770c72_1.conda#cf6793c369dbc7ef63d9c1bc9b186615
https://conda.anaconda.org/conda-forge/linux-64/r-glue-1.8.0-r43h2b5f3a1_0.conda#381d612db7519f2a54f1b187e738ac7b
https://conda.anaconda.org/conda-forge/linux-64/r-isoband-0.2.7-r43ha18555a_3.conda#39459e8609d9461d90ee0683a7fd2f3a
https://conda.anaconda.org/conda-forge/linux-64/r-jsonlite-1.8.9-r43h2b5f3a1_0.conda#6c68b9aa22028366144778008ba1b23b
https://conda.anaconda.org/conda-forge/noarch/r-labeling-0.4.3-r43hc72bb7e_1.conda#0464c37b6ff6701cbb8606e8f4bfebe4
https://conda.anaconda.org/conda-forge/linux-64/r-lattice-0.22_6-r43hb1dbf0f_1.conda#e42a7ddaeeea0096c4f6df18fb5274e3
https://conda.anaconda.org/conda-forge/linux-64/r-magrittr-2.0.3-r43hb1dbf0f_3.conda#fc61bcf37e59037b486c8841a704e9da
https://conda.anaconda.org/conda-forge/linux-64/r-mass-7.3_60.0.1-r43hb1dbf0f_1.conda#c3c9184486ccabe19b86aba11351652e
https://conda.anaconda.org/conda-forge/linux-64/r-mime-0.12-r43hb1dbf0f_3.conda#1e7d080b1e82a19e8a939c0e90405728
https://conda.anaconda.org/conda-forge/noarch/r-pkgconfig-2.0.3-r43hc72bb7e_4.conda#509adf7f5bc34d77064f28f487d7fa6e
https://conda.anaconda.org/conda-forge/linux-64/r-png-0.1_8-r43h21f035c_2.conda#bb38ba000f70e6776d546e1b41b8ce4c
https://conda.anaconda.org/conda-forge/noarch/r-praise-1.0.0-r43hc72bb7e_1008.conda#73c82834d0920677d71a8a1bc0f624a9
https://conda.anaconda.org/conda-forge/noarch/r-proto-1.0.0-r43ha770c72_2006.conda#d572748bb92ab7c973c2b9f287ea9c36
https://conda.anaconda.org/conda-forge/linux-64/r-ps-1.7.7-r43hdb488b9_0.conda#a6b5dc229feb1303b373dd738490928d
https://conda.anaconda.org/conda-forge/noarch/r-r6-2.5.1-r43hc72bb7e_3.conda#66ea76748b9fac0ca0ef549f796228d3
https://conda.anaconda.org/conda-forge/linux-64/r-rappdirs-0.3.3-r43hb1dbf0f_3.conda#9fb3dd1c37f2b0d351850edf594fb1a9
https://conda.anaconda.org/conda-forge/noarch/r-rcolorbrewer-1.1_3-r43h785f33e_3.conda#ceb1c167b7d9e5eefed0ecbe759540de
https://conda.anaconda.org/conda-forge/linux-64/r-rcpp-1.0.13-r43h0d4f4ea_0.conda#4bdf774ca022b130631769de75f2e3b7
https://conda.anaconda.org/conda-forge/linux-64/r-rjsonio-1.3_1.9-r43h0d4f4ea_1.conda#bc245108e238e5ba2f86a1d607a56e3c
https://conda.anaconda.org/conda-forge/linux-64/r-rlang-1.1.4-r43ha18555a_1.conda#e9f6f76e66306bd6483935ad4c79ac28
https://conda.anaconda.org/conda-forge/noarch/r-rprojroot-2.0.4-r43hc72bb7e_1.conda#f55d999288e1f7e5e5efb7042eba4f4d
https://conda.anaconda.org/conda-forge/linux-64/r-stringi-1.8.4-r43h33cde33_3.conda#827bd9c9e7a678acee9c6a2d5b0586a6
https://conda.anaconda.org/conda-forge/linux-64/r-sys-3.4.3-r43h2b5f3a1_0.conda#b7ce9f99da446a47b97950ff9a9cbb60
https://conda.anaconda.org/conda-forge/linux-64/r-sysfonts-0.8.9-r43h871ee9d_0.conda#e773d4520e92c708fee048ad3beb1131
https://conda.anaconda.org/conda-forge/linux-64/r-utf8-1.2.4-r43hb1dbf0f_1.conda#6337f1f20dea2a325142d2b7b1b7d42c
https://conda.anaconda.org/conda-forge/linux-64/r-uuid-1.2_1-r43hdb488b9_0.conda#910f2a2f84f53da39d2f0969abe160ad
https://conda.anaconda.org/conda-forge/noarch/r-viridislite-0.4.2-r43hc72bb7e_2.conda#2a5b8c2803b5714f3319a238c66cc9e7
https://conda.anaconda.org/conda-forge/noarch/r-withr-3.0.1-r43hc72bb7e_0.conda#7d7e5e3740a49c0fe78ff729d49ea1a5
https://conda.anaconda.org/conda-forge/linux-64/r-xfun-0.48-r43h93ab643_0.conda#e8307c1329f2bb16806ad65def92ecd9
https://conda.anaconda.org/conda-forge/linux-64/r-yaml-2.3.10-r43hdb488b9_0.conda#ad2267cd6e74c87f2720494ea13f0fa4
https://conda.anaconda.org/conda-forge/linux-64/libarrow-17.0.0-h364f349_19_cpu.conda#99dec782923cf4f1c657bad3c0ab1894
https://conda.anaconda.org/conda-forge/noarch/r-argparse-2.2.3-r43hc72bb7e_1.conda#4a112f5abf0991d2f72d0efc7abbfc04
https://conda.anaconda.org/conda-forge/linux-64/r-askpass-1.2.1-r43h2b5f3a1_0.conda#8ccad521ab24a75928dd54af1e42632d
https://conda.anaconda.org/conda-forge/linux-64/r-bit64-4.5.2-r43h2b5f3a1_0.conda#f10def39b10f9c7c337a11ee94d8cb6c
https://conda.anaconda.org/conda-forge/linux-64/r-cachem-1.1.0-r43hb1dbf0f_1.conda#02b195910b59c2cfd1fb7159edbb047a
https://conda.anaconda.org/conda-forge/noarch/r-desc-1.4.3-r43hc72bb7e_1.conda#fa71778594f1bfdca6c87079b5888ae0
https://conda.anaconda.org/conda-forge/linux-64/r-diffobj-0.3.5-r43hb1dbf0f_3.conda#9afdf77d5282ae36261377dc74b3d337
https://conda.anaconda.org/conda-forge/linux-64/r-ellipsis-0.3.2-r43hb1dbf0f_3.conda#b8349582a31b17184a7674f4c847a5ad
https://conda.anaconda.org/conda-forge/noarch/r-here-1.0.1-r43hc72bb7e_3.conda#32b6ba56497d82690a8d4365f1d6b643
https://conda.anaconda.org/conda-forge/noarch/r-highr-0.11-r43hc72bb7e_1.conda#23e4d2048f51cbe7c0fb8b9230edc701
https://conda.anaconda.org/conda-forge/noarch/r-lifecycle-1.0.4-r43hc72bb7e_1.conda#7a0a8ba1fe2cf12b39062d8291e2fca8
https://conda.anaconda.org/conda-forge/linux-64/r-matrix-1.6_5-r43he966344_1.conda#df8a1175a62460e02dbf340966cbfeab
https://conda.anaconda.org/conda-forge/noarch/r-munsell-0.5.1-r43hc72bb7e_1.conda#8b2f9bb8064ae0896ffedd984661a2d5
https://conda.anaconda.org/conda-forge/linux-64/r-nlme-3.1_165-r43hbcb9c34_1.conda#ae3f1ce6e352a9089f639044764c533f
https://conda.anaconda.org/conda-forge/noarch/r-optparse-1.7.5-r43hc72bb7e_1.conda#ae32080aac0f74e73e7cd6e774db1c73
https://conda.anaconda.org/conda-forge/noarch/r-prettyunits-1.2.0-r43hc72bb7e_1.conda#cf655364ee1c16ad385e829987a67458
https://conda.anaconda.org/conda-forge/linux-64/r-processx-3.8.4-r43hb1dbf0f_1.conda#b9dcc14c0f4866d8593bb5fbd3f1c447
https://conda.anaconda.org/conda-forge/linux-64/r-rcpptoml-0.2.2-r43ha18555a_2.conda#cdca5dcfcb11c215f182210dde740a41
https://conda.anaconda.org/conda-forge/noarch/r-sessioninfo-1.2.2-r43hc72bb7e_3.conda#5e9865949e78fc703cc30b0644dd0ad5
https://conda.anaconda.org/conda-forge/noarch/r-showtextdb-3.0-r43hc72bb7e_2.conda#3fb2ce8a8b89b9d54bd5f75ef513967d
https://conda.anaconda.org/conda-forge/linux-64/r-timechange-0.3.0-r43ha18555a_1.conda#da155dc726414cca04cdc76a297c4463
https://conda.anaconda.org/conda-forge/noarch/r-tinytex-0.53-r43hc72bb7e_0.conda#05a17971be0ee1c205b6992ac03fdbc0
https://conda.anaconda.org/conda-forge/linux-64/r-tzdb-0.4.0-r43ha18555a_2.conda#af670d1acc46c7aa0973ad190e0f52a0
https://conda.anaconda.org/conda-forge/linux-64/r-xml2-1.3.6-r43h8194278_2.conda#bf45fca038138a632e44be28adad50b5
https://conda.anaconda.org/conda-forge/noarch/s3transfer-0.10.2-pyhd8ed1ab_0.conda#80f00f9033aee2358171207746e09ea0
https://conda.anaconda.org/conda-forge/noarch/boto3-1.35.34-pyhd8ed1ab_0.conda#1aa2742c1572abaefeda6e558a935143
https://conda.anaconda.org/conda-forge/linux-64/libarrow-acero-17.0.0-h5888daf_19_cpu.conda#08e736dae834582aba108cde4bba56f3
https://conda.anaconda.org/conda-forge/linux-64/libparquet-17.0.0-h6bd9018_19_cpu.conda#d73151b9d29601f33fb8ee74c07bd920
https://conda.anaconda.org/conda-forge/noarch/r-callr-3.7.6-r43hc72bb7e_1.conda#cb327fa8f604dce0de71143459185b9f
https://conda.anaconda.org/conda-forge/noarch/r-gtable-0.3.5-r43hc72bb7e_1.conda#373d1655e4d3c45b6abe455d8a52b14e
https://conda.anaconda.org/conda-forge/linux-64/r-htmltools-0.5.8.1-r43ha18555a_1.conda#7b26688542e1b7a39fc62affeef9d32e
https://conda.anaconda.org/conda-forge/noarch/r-knitr-1.48-r43hc72bb7e_0.conda#78b89f7a7df2bacfa367589fc95a36db
https://conda.anaconda.org/conda-forge/linux-64/r-lubridate-1.9.3-r43hdb488b9_1.conda#7bce2af86e6010576bdb4718cbd985b9
https://conda.anaconda.org/conda-forge/noarch/r-memoise-2.0.1-r43hc72bb7e_3.conda#98e3d2eb6635a5f7b8af487f47184a98
https://conda.anaconda.org/conda-forge/linux-64/r-mgcv-1.9_1-r43h0d28552_1.conda#154d840fb734a3f80a5ef623b52ff6cd
https://conda.anaconda.org/conda-forge/linux-64/r-openssl-2.2.2-r43he8289e2_0.conda#6485ad13bd3918299c3c92c84dd2eac9
https://conda.anaconda.org/conda-forge/linux-64/r-reticulate-1.39.0-r43h93ab643_0.conda#bfa370f91a98a6e27f60efcef27d114d
https://conda.anaconda.org/conda-forge/noarch/r-scales-1.3.0-r43hc72bb7e_1.conda#119d9c10dc652ac1492fc49951d86860
https://conda.anaconda.org/conda-forge/linux-64/r-showtext-0.9_7-r43h871ee9d_0.conda#30e219a0a6608e52c2f065546345ef97
https://conda.anaconda.org/conda-forge/linux-64/r-vctrs-0.6.5-r43h0d4f4ea_1.conda#7f4c30bb576acec2a682c40790c2d406
https://conda.anaconda.org/conda-forge/linux-64/libarrow-dataset-17.0.0-h5888daf_19_cpu.conda#70273aece3d8c6f6e5f2e85f7de5f1c3
https://conda.anaconda.org/conda-forge/noarch/r-fontawesome-0.5.2-r43hc72bb7e_1.conda#7eae1f1e19732ec65fab5c3acb836de9
https://conda.anaconda.org/conda-forge/noarch/r-hms-1.1.3-r43hc72bb7e_2.conda#5eed9ddd04bbb39ecf29045e2b4cc079
https://conda.anaconda.org/conda-forge/noarch/r-httr-1.4.7-r43hc72bb7e_1.conda#746050b53c705dbe5ac9c5fbce51737a
https://conda.anaconda.org/conda-forge/noarch/r-httr2-1.0.5-r43hc72bb7e_0.conda#4bf1c86bc6ad1fedd9cc99508a8f0a9b
https://conda.anaconda.org/conda-forge/noarch/r-jose-1.2.1-r43hc72bb7e_0.conda#cbd0963f7de380887a2be29a597aab81
https://conda.anaconda.org/conda-forge/noarch/r-jquerylib-0.1.4-r43hc72bb7e_3.conda#39eb4928bdd8752b548f7cbe8fa7cabd
https://conda.anaconda.org/conda-forge/noarch/r-pillar-1.9.0-r43hc72bb7e_2.conda#49a43daa7f46eecd9d42f1073da96662
https://conda.anaconda.org/conda-forge/noarch/r-pkgbuild-1.4.4-r43hc72bb7e_1.conda#f057b945cbdc231de0c73ff52aa54ba0
https://conda.anaconda.org/conda-forge/linux-64/r-purrr-1.0.2-r43hdb488b9_1.conda#4270c6c51a02fc0da32b9d7b453ef3f5
https://conda.anaconda.org/conda-forge/noarch/r-rathena-2.6.1-r43hc72bb7e_1.conda#575e626629edf919672bd5beb4fe5b65
https://conda.anaconda.org/conda-forge/linux-64/r-sass-0.4.9-r43ha18555a_1.conda#4671c120e368b94d8651b7289d06a43f
https://conda.anaconda.org/conda-forge/noarch/r-stringr-1.5.1-r43h785f33e_1.conda#b997c27a396a991db9fba6ad9c07da40
https://conda.anaconda.org/conda-forge/noarch/r-tidyselect-1.2.1-r43hc72bb7e_1.conda#f55367f874307bb57575ac1506079178
https://conda.anaconda.org/conda-forge/linux-64/libarrow-substrait-17.0.0-he882d9a_19_cpu.conda#7eb5555593bcf5695052c56852e408cf
https://conda.anaconda.org/conda-forge/noarch/r-bslib-0.8.0-r43hc72bb7e_0.conda#1ad48e7ec3071fd043d89ce5f8c9eb7d
https://conda.anaconda.org/conda-forge/linux-64/r-paws.common-0.7.7-r43h93ab643_0.conda#3906c809b386dca25d1132a4f1bbd58c
https://conda.anaconda.org/conda-forge/noarch/r-pkgload-1.4.0-r43hc72bb7e_0.conda#7edfb2d0c6ec1568c58369bf326ad18b
https://conda.anaconda.org/conda-forge/noarch/r-progress-1.2.3-r43hc72bb7e_1.conda#e50711aa4ed08fae208148998c92f296
https://conda.anaconda.org/conda-forge/linux-64/r-tibble-3.2.1-r43hdb488b9_3.conda#3e78c6ee2205ef56c165cbf2c166fdf6
https://conda.anaconda.org/conda-forge/linux-64/r-arrow-17.0.0-r43he02047a_1.conda#dbb3cb1111558a2e42b8764b7061d6b7
https://conda.anaconda.org/conda-forge/linux-64/r-dplyr-1.1.4-r43h0d4f4ea_1.conda#ab942d9107cdd78e74410f9ec48e50c7
https://conda.anaconda.org/conda-forge/noarch/r-ggplot2-3.5.1-r43hc72bb7e_1.conda#a828d1513cabc43cf0711ee0eaec53b2
https://conda.anaconda.org/conda-forge/noarch/r-paws.analytics-0.7.0-r43hc72bb7e_0.conda#e88f20981d0b23e2b8dee0ee768fe4c6
https://conda.anaconda.org/conda-forge/noarch/r-paws.application.integration-0.7.0-r43hc72bb7e_0.conda#61af4528428ca2d595dc6e23564ce27e
https://conda.anaconda.org/conda-forge/noarch/r-paws.compute-0.7.0-r43hc72bb7e_0.conda#161237dd0ac6ebc700f53bab3d2863d4
https://conda.anaconda.org/conda-forge/noarch/r-paws.cost.management-0.7.0-r43hc72bb7e_0.conda#36d5b7274865ea6a5893c6d3777a2730
https://conda.anaconda.org/conda-forge/noarch/r-paws.customer.engagement-0.7.0-r43hc72bb7e_0.conda#363a38120c796ce6c7e4d83d7c1344c4
https://conda.anaconda.org/conda-forge/noarch/r-paws.database-0.7.0-r43hc72bb7e_0.conda#c2053d5672fa147e5bee166cd954a25e
https://conda.anaconda.org/conda-forge/noarch/r-paws.developer.tools-0.7.0-r43hc72bb7e_0.conda#f82cc22172ae53c97319747ac3ea174b
https://conda.anaconda.org/conda-forge/noarch/r-paws.end.user.computing-0.7.0-r43hc72bb7e_0.conda#55ec72e6d95ea3ae9dcb0cf4029fe9e1
https://conda.anaconda.org/conda-forge/noarch/r-paws.machine.learning-0.7.0-r43hc72bb7e_0.conda#43a0657aa64774c59250abb63c664bb1
https://conda.anaconda.org/conda-forge/noarch/r-paws.management-0.7.0-r43hc72bb7e_0.conda#e947a93c9f08916656f4c129bb9a6fad
https://conda.anaconda.org/conda-forge/noarch/r-paws.networking-0.7.0-r43hc72bb7e_0.conda#9de9a6b36fe5349116a391f343646494
https://conda.anaconda.org/conda-forge/noarch/r-paws.security.identity-0.7.0-r43hc72bb7e_0.conda#bd7db1669d7768ffbb85bb249cc64ca6
https://conda.anaconda.org/conda-forge/noarch/r-paws.storage-0.7.0-r43hc72bb7e_0.conda#77a84d6c63fe77d2cfd72a140edc5b4f
https://conda.anaconda.org/conda-forge/noarch/r-rematch2-2.1.2-r43hc72bb7e_4.conda#3a4a5f3929460a3e8450d94aac2d85c2
https://conda.anaconda.org/conda-forge/noarch/r-rmarkdown-2.28-r43hc72bb7e_0.conda#93294aae24898657d02e71733af00436
https://conda.anaconda.org/conda-forge/linux-64/r-vroom-1.6.5-r43h0d4f4ea_1.conda#2fc1d56664063aaa4ffd43a702a71baf
https://conda.anaconda.org/conda-forge/linux-64/r-emojifont-0.5.5-r43hc72bb7e_2.conda#dd27ae6d252ff0104f0e81a766e7f00d
https://conda.anaconda.org/conda-forge/linux-64/r-ggrepel-0.9.6-r43h93ab643_0.conda#b31d59a71ad268df6cff7fbaa2efb5a9
https://conda.anaconda.org/conda-forge/noarch/r-paws-0.7.0-r43hc72bb7e_0.conda#c764202efd5fc37ca671aab19f0c8318
https://conda.anaconda.org/conda-forge/linux-64/r-readr-2.1.5-r43h0d4f4ea_1.conda#e3ffadf38171b07d753f0bb4f744d73f
https://conda.anaconda.org/conda-forge/linux-64/r-tidyr-1.3.1-r43h0d4f4ea_1.conda#f3e46eed831fa7cbce60dfead1ff6268
https://conda.anaconda.org/conda-forge/noarch/r-waldo-0.5.3-r43hc72bb7e_0.conda#9a1fd86adcef7b7c41fce8ed0e052885
https://conda.anaconda.org/conda-forge/linux-64/r-testthat-3.2.1.1-r43h0d4f4ea_1.conda#31050a5b39d5c4e957574cc5ced41f43
https://conda.anaconda.org/umccr/noarch/r-dracarys-0.15.0-r43_0.tar.bz2#eeb2c10635e2d341a1c3bd40a47b9a60
https://conda.anaconda.org/umccr/noarch/r-rportal-0.1.3-py311r43_0.tar.bz2#7eb8da26a0ce473ed99d8f73b634e0d5
