# Generated by conda-lock.
# platform: linux-64
# input_hash: fba9d79944843822c21e2b6d48d3f9a5ea0e655db2da1fa2e6f35c8449296898
@EXPLICIT
https://conda.anaconda.org/conda-forge/linux-64/_libgcc_mutex-0.1-conda_forge.tar.bz2#d7c89558ba9fa0495403155b64376d81
https://conda.anaconda.org/conda-forge/noarch/_r-mutex-1.0.1-anacondar_1.tar.bz2#19f9db5f4f1b7f5ef5f6d67207f25f38
https://conda.anaconda.org/conda-forge/noarch/_sysroot_linux-64_curr_repodata_hack-3-h69a702a_16.conda#1c005af0c6ff22814b7c52ee448d4bea
https://conda.anaconda.org/conda-forge/linux-64/ca-certificates-2024.7.4-hbcca054_0.conda#23ab7665c5f63cfb9f1f6195256daac6
https://conda.anaconda.org/conda-forge/noarch/font-ttf-dejavu-sans-mono-2.37-hab24e00_0.tar.bz2#0c96522c6bdaed4b1566d11387caaf45
https://conda.anaconda.org/conda-forge/noarch/font-ttf-inconsolata-3.000-h77eed37_0.tar.bz2#34893075a5c9e55cdafac56607368fc6
https://conda.anaconda.org/conda-forge/noarch/font-ttf-source-code-pro-2.038-h77eed37_0.tar.bz2#4d59c254e01d9cde7957100457e2d5fb
https://conda.anaconda.org/conda-forge/noarch/font-ttf-ubuntu-0.83-h77eed37_2.conda#cbbe59391138ea5ad3658c76912e147f
https://conda.anaconda.org/conda-forge/linux-64/ld_impl_linux-64-2.40-hf3520f5_7.conda#b80f2f396ca2c28b8c14c437a4ed1e74
https://conda.anaconda.org/conda-forge/linux-64/pandoc-3.3-ha770c72_0.conda#0a3af8b93ba501c6ba020deacc9df841
https://conda.anaconda.org/conda-forge/linux-64/python_abi-3.12-4_cp312.conda#dccc2d142812964fcc6abdc97b672dff
https://conda.anaconda.org/conda-forge/noarch/tzdata-2024a-h0c530f3_0.conda#161081fc7cec0bfda0d86d7cb595f8d8
https://conda.anaconda.org/conda-forge/noarch/fonts-conda-forge-1-0.tar.bz2#f766549260d6815b0c52253f1fb1bb29
https://conda.anaconda.org/conda-forge/noarch/kernel-headers_linux-64-3.10.0-h4a8ded7_16.conda#ff7f38675b226cfb855aebfc32a13e31
https://conda.anaconda.org/conda-forge/noarch/libgcc-devel_linux-64-14.1.0-h5d3d1c9_100.conda#6d4f65dc440f7b3422113b135be19703
https://conda.anaconda.org/conda-forge/linux-64/libgomp-14.1.0-h77fa898_0.conda#ae061a5ed5f05818acdf9adab72c146d
https://conda.anaconda.org/conda-forge/noarch/libstdcxx-devel_linux-64-14.1.0-h5d3d1c9_100.conda#cedc62fd8c4cf28f23d3cd5db7839e99
https://conda.anaconda.org/conda-forge/linux-64/_openmp_mutex-4.5-2_gnu.tar.bz2#73aaf86a425cc6e73fcf236a5a46396d
https://conda.anaconda.org/conda-forge/noarch/fonts-conda-ecosystem-1-0.tar.bz2#fee5683a3f04bd15cbd8318b096a27ab
https://conda.anaconda.org/conda-forge/noarch/sysroot_linux-64-2.17-h4a8ded7_16.conda#223fe8a3ff6d5e78484a9d58eb34d055
https://conda.anaconda.org/conda-forge/linux-64/binutils_impl_linux-64-2.40-ha1999f0_7.conda#3f840c7ed70a96b5ebde8044b2f36f32
https://conda.anaconda.org/conda-forge/linux-64/libgcc-ng-14.1.0-h77fa898_0.conda#ca0fad6a41ddaef54a153b78eccb5037
https://conda.anaconda.org/conda-forge/linux-64/aws-c-common-0.9.25-h4bc722e_0.conda#8ae3ebc6f412a923466ae673a3b3953f
https://conda.anaconda.org/conda-forge/linux-64/bzip2-1.0.8-h4bc722e_7.conda#62ee74e96c5ebb0af99386de58cf9553
https://conda.anaconda.org/conda-forge/linux-64/c-ares-1.33.0-ha66036c_0.conda#b6927f788e85267beef6cbb292aaebdd
https://conda.anaconda.org/conda-forge/linux-64/fribidi-1.0.10-h36c2ea0_0.tar.bz2#ac7bc6a654f8f41b352b38f4051135f8
https://conda.anaconda.org/conda-forge/linux-64/keyutils-1.6.1-h166bdaf_0.tar.bz2#30186d27e2c9fa62b45fb1476b7200e3
https://conda.anaconda.org/conda-forge/linux-64/libbrotlicommon-1.1.0-hd590300_1.conda#aec6c91c7371c26392a06708a73c70e5
https://conda.anaconda.org/conda-forge/linux-64/libdeflate-1.21-h4bc722e_0.conda#36ce76665bf67f5aac36be7a0d21b7f3
https://conda.anaconda.org/conda-forge/linux-64/libev-4.33-hd590300_2.conda#172bf1cd1ff8629f2b1179945ed45055
https://conda.anaconda.org/conda-forge/linux-64/libexpat-2.6.2-h59595ed_0.conda#e7ba12deb7020dd080c6c70e7b6f6a3d
https://conda.anaconda.org/conda-forge/linux-64/libffi-3.4.2-h7f98852_5.tar.bz2#d645c6d2ac96843a2bfaccd2d62b3ac3
https://conda.anaconda.org/conda-forge/linux-64/libgfortran5-14.1.0-hc5f4f2c_0.conda#6456c2620c990cd8dde2428a27ba0bc5
https://conda.anaconda.org/conda-forge/linux-64/libiconv-1.17-hd590300_2.conda#d66573916ffcf376178462f1b61c941e
https://conda.anaconda.org/conda-forge/linux-64/libjpeg-turbo-3.0.0-hd590300_1.conda#ea25936bb4080d843790b586850f82b8
https://conda.anaconda.org/conda-forge/linux-64/libnsl-2.0.1-hd590300_0.conda#30fd6e37fe21f86f4bd26d6ee73eeec7
https://conda.anaconda.org/conda-forge/linux-64/libstdcxx-ng-14.1.0-hc0a3c3a_0.conda#1cb187a157136398ddbaae90713e2498
https://conda.anaconda.org/conda-forge/linux-64/libutf8proc-2.8.0-h166bdaf_0.tar.bz2#ede4266dc02e875fe1ea77b25dd43747
https://conda.anaconda.org/conda-forge/linux-64/libuuid-2.38.1-h0b41bf4_0.conda#40b61aab5c7ba9ff276c41cfffe6b80b
https://conda.anaconda.org/conda-forge/linux-64/libwebp-base-1.4.0-hd590300_0.conda#b26e8aa824079e1be0294e7152ca4559
https://conda.anaconda.org/conda-forge/linux-64/libxcrypt-4.4.36-hd590300_1.conda#5aa797f8787fe7a17d1b0821485b5adc
https://conda.anaconda.org/conda-forge/linux-64/libzlib-1.3.1-h4ab18f5_1.conda#57d7dc60e9325e3de37ff8dffd18e814
https://conda.anaconda.org/conda-forge/linux-64/make-4.3-hd18ef5c_1.tar.bz2#4049ebfd3190b580dffe76daed26155a
https://conda.anaconda.org/conda-forge/linux-64/ncurses-6.5-h59595ed_0.conda#fcea371545eda051b6deafb24889fc69
https://conda.anaconda.org/conda-forge/linux-64/openssl-3.3.1-h4bc722e_2.conda#e1b454497f9f7c1147fdde4b53f1b512
https://conda.anaconda.org/conda-forge/linux-64/pthread-stubs-0.4-h36c2ea0_1001.tar.bz2#22dad4df6e8630e8dff2428f6f6a7036
https://conda.anaconda.org/conda-forge/linux-64/sed-4.8-he412f7d_0.tar.bz2#7362f0042e95681f5d371c46c83ebd08
https://conda.anaconda.org/conda-forge/linux-64/xorg-kbproto-1.0.7-h7f98852_1002.tar.bz2#4b230e8381279d76131116660f5a241a
https://conda.anaconda.org/conda-forge/linux-64/xorg-libice-1.1.1-hd590300_0.conda#b462a33c0be1421532f28bfe8f4a7514
https://conda.anaconda.org/conda-forge/linux-64/xorg-libxau-1.0.11-hd590300_0.conda#2c80dc38fface310c9bd81b17037fee5
https://conda.anaconda.org/conda-forge/linux-64/xorg-libxdmcp-1.1.3-h7f98852_0.tar.bz2#be93aabceefa2fac576e971aef407908
https://conda.anaconda.org/conda-forge/linux-64/xorg-renderproto-0.11.1-h7f98852_1002.tar.bz2#06feff3d2634e3097ce2fe681474b534
https://conda.anaconda.org/conda-forge/linux-64/xorg-xextproto-7.3.0-h0b41bf4_1003.conda#bce9f945da8ad2ae9b1d7165a64d0f87
https://conda.anaconda.org/conda-forge/linux-64/xorg-xproto-7.0.31-h7f98852_1007.tar.bz2#b4a4381d54784606820704f7b5f05a15
https://conda.anaconda.org/conda-forge/linux-64/xz-5.2.6-h166bdaf_0.tar.bz2#2161070d867d1b1204ea749c8eec4ef0
https://conda.anaconda.org/conda-forge/linux-64/aws-c-cal-0.7.2-h7970872_1.conda#f7f648ab6e51b66d2ada922498547732
https://conda.anaconda.org/conda-forge/linux-64/aws-c-compression-0.2.18-hc649ecc_8.conda#b72e4162acb0cf997185fc1da432a63e
https://conda.anaconda.org/conda-forge/linux-64/aws-c-sdkutils-0.1.19-hc649ecc_0.conda#f1d4b80dfc062bc55cecc20148eb925a
https://conda.anaconda.org/conda-forge/linux-64/aws-checksums-0.1.18-hc649ecc_8.conda#178504fd14f8486ce3153fa16371ceef
https://conda.anaconda.org/conda-forge/linux-64/expat-2.6.2-h59595ed_0.conda#53fb86322bdb89496d7579fe3f02fd61
https://conda.anaconda.org/conda-forge/linux-64/gflags-2.2.2-he1b5a44_1004.tar.bz2#cddaf2c63ea4a5901cf09524c490ecdc
https://conda.anaconda.org/conda-forge/linux-64/graphite2-1.3.13-h59595ed_1003.conda#f87c7b7c2cb45f323ffbce941c78ab7c
https://conda.anaconda.org/conda-forge/linux-64/icu-75.1-he02047a_0.conda#8b189310083baabfb622af68fd9d3ae3
https://conda.anaconda.org/conda-forge/linux-64/lerc-4.0.0-h27087fc_0.tar.bz2#76bbff344f0134279f225174e9064c8f
https://conda.anaconda.org/conda-forge/linux-64/libabseil-20240116.2-cxx17_he02047a_1.conda#c48fc56ec03229f294176923c3265c05
https://conda.anaconda.org/conda-forge/linux-64/libbrotlidec-1.1.0-hd590300_1.conda#f07002e225d7a60a694d42a7bf5ff53f
https://conda.anaconda.org/conda-forge/linux-64/libbrotlienc-1.1.0-hd590300_1.conda#5fc11c6020d421960607d821310fcd4d
https://conda.anaconda.org/conda-forge/linux-64/libcrc32c-1.1.2-h9c3ff4c_0.tar.bz2#c965a5aa0d5c1c37ffc62dff36e28400
https://conda.anaconda.org/conda-forge/linux-64/libedit-3.1.20191231-he28a2e2_2.tar.bz2#4d331e44109e3f0e19b4cb8f9b82f3e1
https://conda.anaconda.org/conda-forge/linux-64/libevent-2.1.12-hf998b51_1.conda#a1cfcc585f0c42bf8d5546bb1dfb668d
https://conda.anaconda.org/conda-forge/linux-64/libgfortran-ng-14.1.0-h69a702a_0.conda#f4ca84fbd6d06b0a052fb2d5b96dde41
https://conda.anaconda.org/conda-forge/linux-64/libnghttp2-1.58.0-h47da74e_1.conda#700ac6ea6d53d5510591c4344d5c989a
https://conda.anaconda.org/conda-forge/linux-64/libpng-1.6.43-h2797004_0.conda#009981dd9cfcaa4dbfa25ffaed86bcae
https://conda.anaconda.org/conda-forge/linux-64/libsanitizer-14.1.0-hcba0ae0_0.conda#88343f89ea4280a79ddd9e755992743d
https://conda.anaconda.org/conda-forge/linux-64/libsqlite-3.46.0-hde9e2c9_0.conda#18aa975d2094c34aef978060ae7da7d8
https://conda.anaconda.org/conda-forge/linux-64/libssh2-1.11.0-h0841786_0.conda#1f5a58e686b13bcfde88b93f547d23fe
https://conda.anaconda.org/conda-forge/linux-64/libxcb-1.16-hd590300_0.conda#151cba22b85a989c2d6ef9633ffee1e4
https://conda.anaconda.org/conda-forge/linux-64/lz4-c-1.9.4-hcb278e6_0.conda#318b08df404f9c9be5712aaa5a6f0bb0
https://conda.anaconda.org/conda-forge/linux-64/pcre2-10.44-hba22ea6_2.conda#df359c09c41cd186fffb93a2d87aa6f5
https://conda.anaconda.org/conda-forge/linux-64/pixman-0.43.2-h59595ed_0.conda#71004cbf7924e19c02746ccde9fd7123
https://conda.anaconda.org/conda-forge/linux-64/readline-8.2-h8228510_1.conda#47d31b792659ce70f470b5c82fdfb7a4
https://conda.anaconda.org/conda-forge/linux-64/s2n-1.5.0-h3400bea_0.conda#5f17883266c5312a1fc73583f28ebae5
https://conda.anaconda.org/conda-forge/linux-64/snappy-1.2.1-ha2e4443_0.conda#6b7dcc7349efd123d493d2dbe85a045f
https://conda.anaconda.org/conda-forge/linux-64/tk-8.6.13-noxft_h4845f30_101.conda#d453b98d9c83e71da0741bb0ff4d76bc
https://conda.anaconda.org/conda-forge/linux-64/xorg-libsm-1.2.4-h7391055_0.conda#93ee23f12bc2e684548181256edd2cf6
https://conda.anaconda.org/conda-forge/linux-64/zlib-1.3.1-h4ab18f5_1.conda#9653f1bf3766164d0e65fa723cabbc54
https://conda.anaconda.org/conda-forge/linux-64/zstd-1.5.6-ha6fb4c9_0.conda#4d056880988120e29d75bfff282e0f45
https://conda.anaconda.org/conda-forge/linux-64/aws-c-io-0.14.18-h3e50d33_2.conda#9b0aca26d579311a918a0f03047fc447
https://conda.anaconda.org/conda-forge/linux-64/bwidget-1.9.14-ha770c72_1.tar.bz2#5746d6202ba2abad4a4707f2a2462795
https://conda.anaconda.org/conda-forge/linux-64/freetype-2.12.1-h267a509_2.conda#9ae35c3d96db2c94ce0cef86efdfa2cb
https://conda.anaconda.org/conda-forge/linux-64/gcc_impl_linux-64-14.1.0-h3c94d91_0.conda#b0dd0de49e0f3e34f3f636e5c7d149fe
https://conda.anaconda.org/conda-forge/linux-64/glog-0.7.1-hbabe93e_0.conda#ff862eebdfeb2fd048ae9dc92510baca
https://conda.anaconda.org/conda-forge/linux-64/krb5-1.21.3-h659f571_0.conda#3f43953b7d3fb3aaa1d0d0723d91e368
https://conda.anaconda.org/conda-forge/linux-64/libglib-2.80.3-h315aac3_2.conda#b0143a3e98136a680b728fdf9b42a258
https://conda.anaconda.org/conda-forge/linux-64/libopenblas-0.3.27-pthreads_hac2b453_1.conda#ae05ece66d3924ac3d48b4aa3fa96cec
https://conda.anaconda.org/conda-forge/linux-64/libprotobuf-4.25.3-h08a7969_0.conda#6945825cebd2aeb16af4c69d97c32c13
https://conda.anaconda.org/conda-forge/linux-64/libre2-11-2023.09.01-h5a48ba9_2.conda#41c69fba59d495e8cf5ffda48a607e35
https://conda.anaconda.org/conda-forge/linux-64/libthrift-0.20.0-hb90f79a_0.conda#9ce07c1750e779c9d4cc968047f78b0d
https://conda.anaconda.org/conda-forge/linux-64/libtiff-4.6.0-h46a8edc_4.conda#a7e3a62981350e232e0e7345b5aea580
https://conda.anaconda.org/conda-forge/linux-64/libxml2-2.12.7-he7c6b58_4.conda#08a9265c637230c37cb1be4a6cad4536
https://conda.anaconda.org/conda-forge/linux-64/python-3.12.5-h2ad013b_0_cpython.conda#9c56c4df45f6571b13111d8df2448692
https://conda.anaconda.org/conda-forge/linux-64/tktable-2.10-h8bc8fbc_6.conda#dff3627fec2c0584ded391205295abf0
https://conda.anaconda.org/conda-forge/linux-64/xorg-libx11-1.8.9-hb711507_1.conda#4a6d410296d7e39f00bacdee7df046e9
https://conda.anaconda.org/conda-forge/linux-64/aws-c-event-stream-0.4.2-h04a40c0_20.conda#3c1a3aa8f0dd19e1a917b39620fda32c
https://conda.anaconda.org/conda-forge/linux-64/aws-c-http-0.8.7-hc9bb02b_2.conda#1fa3da862ddcc9e9b0538fd58273a65e
https://conda.anaconda.org/conda-forge/linux-64/brotli-python-1.1.0-py312h30efb56_1.conda#45801a89533d3336a365284d93298e36
https://conda.anaconda.org/conda-forge/linux-64/fontconfig-2.14.2-h14ed4e7_0.conda#0f69b688f52ff6da70bccb7ff7001d1d
https://conda.anaconda.org/conda-forge/linux-64/gfortran_impl_linux-64-14.1.0-he4a1faa_0.conda#a9ce7cd0848a93a8df88c1fc0ac84d9d
https://conda.anaconda.org/conda-forge/linux-64/gxx_impl_linux-64-14.1.0-h8d00ecb_0.conda#dacdca4eeb41f72d5df4511a2c06b992
https://conda.anaconda.org/conda-forge/noarch/hpack-4.0.0-pyh9f0ad1d_0.tar.bz2#914d6646c4dbb1fd3ff539830a12fd71
https://conda.anaconda.org/conda-forge/noarch/hyperframe-6.0.1-pyhd8ed1ab_0.tar.bz2#9f765cbfab6870c8435b9eefecd7a1f4
https://conda.anaconda.org/conda-forge/noarch/jmespath-1.0.1-pyhd8ed1ab_0.tar.bz2#2cfa3e1cf3fb51bb9b17acc5b5e9ea11
https://conda.anaconda.org/conda-forge/linux-64/libblas-3.9.0-23_linux64_openblas.conda#96c8450a40aa2b9733073a9460de972c
https://conda.anaconda.org/conda-forge/linux-64/libcurl-8.9.1-hdb1bdb2_0.conda#7da1d242ca3591e174a3c7d82230d3c0
https://conda.anaconda.org/conda-forge/linux-64/orc-2.0.1-h17fec99_1.conda#3bf65f0d8e7322a1cfe8b670fa35ec81
https://conda.anaconda.org/conda-forge/noarch/pycparser-2.22-pyhd8ed1ab_0.conda#844d9eb3b43095b031874477f7d70088
https://conda.anaconda.org/conda-forge/noarch/pysocks-1.7.1-pyha2e5f31_6.tar.bz2#2a7de29fb590ca14b5243c4c812c8025
https://conda.anaconda.org/conda-forge/linux-64/re2-2023.09.01-h7f4b329_2.conda#8f70e36268dea8eb666ef14c29bd3cda
https://conda.anaconda.org/conda-forge/noarch/six-1.16.0-pyh6c4a22f_0.tar.bz2#e5f25f8dbc060e9a8d912e432202afc2
https://conda.anaconda.org/conda-forge/linux-64/xorg-libxext-1.3.4-h0b41bf4_2.conda#82b6df12252e6f32402b96dacc656fec
https://conda.anaconda.org/conda-forge/linux-64/xorg-libxrender-0.9.11-hd590300_0.conda#ed67c36f215b310412b2af935bf3e530
https://conda.anaconda.org/conda-forge/linux-64/xorg-libxt-1.3.0-hd590300_1.conda#ae92aab42726eb29d16488924f7312cb
https://conda.anaconda.org/conda-forge/linux-64/aws-c-auth-0.7.25-h8a0f778_4.conda#aa51e240a99df535e64e3472f54652c9
https://conda.anaconda.org/conda-forge/linux-64/aws-c-mqtt-0.10.4-h674cf7e_16.conda#a96a7cd318b665b8784cbe7e67916f66
https://conda.anaconda.org/conda-forge/linux-64/azure-core-cpp-1.13.0-h935415a_0.conda#debd1677c2fea41eb2233a260f48a298
https://conda.anaconda.org/conda-forge/linux-64/cairo-1.18.0-hebfffa5_3.conda#fceaedf1cdbcb02df9699a0d9b005292
https://conda.anaconda.org/conda-forge/linux-64/cffi-1.17.0-py312h1671c18_0.conda#33dee889f41b0ba6dbe5ddbe70ebf263
https://conda.anaconda.org/conda-forge/linux-64/curl-8.9.1-h18eb788_0.conda#2e7dedf73dfbfcee662e2a0f6175e4bb
https://conda.anaconda.org/conda-forge/noarch/h2-4.1.0-pyhd8ed1ab_0.tar.bz2#b748fbf7060927a6e82df7cb5ee8f097
https://conda.anaconda.org/conda-forge/linux-64/libcblas-3.9.0-23_linux64_openblas.conda#eede29b40efa878cbe5bdcb767e97310
https://conda.anaconda.org/conda-forge/linux-64/libgrpc-1.62.2-h15f2491_0.conda#8dabe607748cb3d7002ad73cd06f1325
https://conda.anaconda.org/conda-forge/linux-64/liblapack-3.9.0-23_linux64_openblas.conda#2af0879961951987e464722fd00ec1e0
https://conda.anaconda.org/conda-forge/noarch/python-dateutil-2.9.0-pyhd8ed1ab_0.conda#2cf4264fffb9e6eff6031c5b6884d61c
https://conda.anaconda.org/conda-forge/linux-64/aws-c-s3-0.6.4-hbe604ca_6.conda#a57d5bbd0559aed25766420bbd371aa0
https://conda.anaconda.org/conda-forge/linux-64/azure-identity-cpp-1.8.0-hd126650_2.conda#36df3cf05459de5d0a41c77c4329634b
https://conda.anaconda.org/conda-forge/linux-64/azure-storage-common-cpp-12.7.0-h10ac4d7_1.conda#ab6d507ad16dbe2157920451d662e4a1
https://conda.anaconda.org/conda-forge/linux-64/gsl-2.7-he838d99_0.tar.bz2#fec079ba39c9cca093bf4c00001825de
https://conda.anaconda.org/conda-forge/linux-64/harfbuzz-9.0.0-hda332d3_1.conda#76b32dcf243444aea9c6b804bcfa40b8
https://conda.anaconda.org/conda-forge/linux-64/libgoogle-cloud-2.28.0-h26d7fe4_0.conda#2c51703b4d775f8943c08a361788131b
https://conda.anaconda.org/conda-forge/linux-64/zstandard-0.23.0-py312h3483029_0.conda#eab52e88c858d87cf5a069f79d10bb50
https://conda.anaconda.org/conda-forge/linux-64/aws-crt-cpp-0.27.5-hba11562_5.conda#3b97f88120ba6bc6c53b428954a15895
https://conda.anaconda.org/conda-forge/linux-64/azure-storage-blobs-cpp-12.12.0-hd2e3451_0.conda#61f1c193452f0daa582f39634627ea33
https://conda.anaconda.org/conda-forge/linux-64/libgoogle-cloud-storage-2.28.0-ha262f82_0.conda#9e7960f0b9ab3895ef73d92477c47dae
https://conda.anaconda.org/conda-forge/linux-64/pango-1.54.0-h4c5309f_1.conda#7df02e445367703cd87a574046e3a6f0
https://conda.anaconda.org/conda-forge/noarch/urllib3-2.2.2-pyhd8ed1ab_1.conda#e804c43f58255e977093a2298e442bb8
https://conda.anaconda.org/conda-forge/linux-64/aws-sdk-cpp-1.11.379-he20dfa5_2.conda#25a12549e0aeeaa2718035c3e54ff520
https://conda.anaconda.org/conda-forge/linux-64/azure-storage-files-datalake-cpp-12.11.0-h325d260_1.conda#11d926d1f4a75a1b03d1c053ca20424b
https://conda.anaconda.org/conda-forge/noarch/botocore-1.34.159-pyge310_1234567_0.conda#8c004fbb0d69bc2cc32518e751a0ebc5
https://conda.anaconda.org/conda-forge/linux-64/r-base-4.3.3-h9967228_14.conda#147bc8f0c0695a7f29284fc47a8c4bb9
https://conda.anaconda.org/conda-forge/linux-64/libarrow-17.0.0-h03aeac6_7_cpu.conda#25225d90d4fb125c5fbb6f87cc1aa309
https://conda.anaconda.org/conda-forge/noarch/r-assertthat-0.2.1-r43hc72bb7e_5.conda#830d74ef2014697ec7f95922cd6edcef
https://conda.anaconda.org/conda-forge/linux-64/r-base64enc-0.1_3-r43hb1dbf0f_1007.conda#3509080778587bf9d42eae11e0246633
https://conda.anaconda.org/conda-forge/linux-64/r-bit-4.0.5-r43hb1dbf0f_2.conda#9711c7d7088374bebf2d9fb2fe54ed25
https://conda.anaconda.org/conda-forge/linux-64/r-brio-1.1.5-r43hb1dbf0f_1.conda#57032df549b16ca7bb49e961fc0cd8ee
https://conda.anaconda.org/conda-forge/linux-64/r-cli-3.6.3-r43h0d4f4ea_1.conda#ba1f08e0eab53429d77026adb68960a5
https://conda.anaconda.org/conda-forge/noarch/r-clipr-0.8.0-r43hc72bb7e_3.conda#57efbe0d7deb70566c3314c2f6be7a22
https://conda.anaconda.org/conda-forge/linux-64/r-colorspace-2.1_1-r43hdb488b9_0.conda#0c6d4c26ca41246a4053d79e1b4d78ff
https://conda.anaconda.org/conda-forge/noarch/r-cpp11-0.4.7-r43hc72bb7e_1.conda#6711d7027a2ed4efdd76137a61e2d674
https://conda.anaconda.org/conda-forge/noarch/r-crayon-1.5.3-r43hc72bb7e_1.conda#bafc77be1942ea00228cf18d2cb30e35
https://conda.anaconda.org/conda-forge/linux-64/r-curl-5.2.1-r43h6b349a7_1.conda#11b8e08ae968d29fdf2a2d3ed5ccdb79
https://conda.anaconda.org/conda-forge/linux-64/r-data.table-1.15.4-r43h5f06984_1.conda#e77138aa6d376a2289f5839c99f4cbe3
https://conda.anaconda.org/conda-forge/noarch/r-dbi-1.2.3-r43hc72bb7e_1.conda#6a3941852688f1291271e4ef5772425d
https://conda.anaconda.org/conda-forge/linux-64/r-digest-0.6.36-r43ha18555a_1.conda#d06159633739315e3002a1b693f8645e
https://conda.anaconda.org/conda-forge/noarch/r-evaluate-0.24.0-r43hc72bb7e_1.conda#5188f299c45fa47d9211b5898ceee182
https://conda.anaconda.org/conda-forge/linux-64/r-fansi-1.0.6-r43hb1dbf0f_1.conda#4c17a0f74a974316fdfafa5a9fe91b52
https://conda.anaconda.org/conda-forge/linux-64/r-farver-2.1.2-r43ha18555a_1.conda#85a82a5b78397daf57f002120aed9e3e
https://conda.anaconda.org/conda-forge/linux-64/r-fastmap-1.2.0-r43ha18555a_1.conda#ac100509c0d93c8dc19e53fb299a48b5
https://conda.anaconda.org/conda-forge/noarch/r-findpython-1.0.8-r43hc72bb7e_2.conda#38cbadb7db8352ee0f06716ca17c67f8
https://conda.anaconda.org/conda-forge/linux-64/r-fs-1.6.4-r43ha18555a_1.conda#a6ea7a4871b7129f41c7ab8940792107
https://conda.anaconda.org/conda-forge/noarch/r-generics-0.1.3-r43hc72bb7e_3.conda#2d352e143ff3536b257fe53e4ba91a00
https://conda.anaconda.org/conda-forge/noarch/r-getopt-1.20.4-r43ha770c72_1.conda#cf6793c369dbc7ef63d9c1bc9b186615
https://conda.anaconda.org/conda-forge/linux-64/r-glue-1.7.0-r43hb1dbf0f_1.conda#94cbb45d60c60af1fbcf0cf20ad0baa6
https://conda.anaconda.org/conda-forge/linux-64/r-isoband-0.2.7-r43ha18555a_3.conda#39459e8609d9461d90ee0683a7fd2f3a
https://conda.anaconda.org/conda-forge/linux-64/r-jsonlite-1.8.8-r43hb1dbf0f_1.conda#eb4377db2a26436aed657474aad972aa
https://conda.anaconda.org/conda-forge/noarch/r-labeling-0.4.3-r43hc72bb7e_1.conda#0464c37b6ff6701cbb8606e8f4bfebe4
https://conda.anaconda.org/conda-forge/linux-64/r-lattice-0.22_6-r43hb1dbf0f_1.conda#e42a7ddaeeea0096c4f6df18fb5274e3
https://conda.anaconda.org/conda-forge/linux-64/r-magrittr-2.0.3-r43hb1dbf0f_3.conda#fc61bcf37e59037b486c8841a704e9da
https://conda.anaconda.org/conda-forge/linux-64/r-mass-7.3_60.0.1-r43hb1dbf0f_1.conda#c3c9184486ccabe19b86aba11351652e
https://conda.anaconda.org/conda-forge/linux-64/r-mime-0.12-r43hb1dbf0f_3.conda#1e7d080b1e82a19e8a939c0e90405728
https://conda.anaconda.org/conda-forge/noarch/r-pkgconfig-2.0.3-r43hc72bb7e_4.conda#509adf7f5bc34d77064f28f487d7fa6e
https://conda.anaconda.org/conda-forge/linux-64/r-png-0.1_8-r43h21f035c_2.conda#bb38ba000f70e6776d546e1b41b8ce4c
https://conda.anaconda.org/conda-forge/noarch/r-praise-1.0.0-r43hc72bb7e_1008.conda#73c82834d0920677d71a8a1bc0f624a9
https://conda.anaconda.org/conda-forge/noarch/r-proto-1.0.0-r43ha770c72_2006.conda#d572748bb92ab7c973c2b9f287ea9c36
https://conda.anaconda.org/conda-forge/linux-64/r-ps-1.7.7-r43hdb488b9_0.conda#a6b5dc229feb1303b373dd738490928d
https://conda.anaconda.org/conda-forge/noarch/r-r6-2.5.1-r43hc72bb7e_3.conda#66ea76748b9fac0ca0ef549f796228d3
https://conda.anaconda.org/conda-forge/linux-64/r-rappdirs-0.3.3-r43hb1dbf0f_3.conda#9fb3dd1c37f2b0d351850edf594fb1a9
https://conda.anaconda.org/conda-forge/noarch/r-rcolorbrewer-1.1_3-r43h785f33e_3.conda#ceb1c167b7d9e5eefed0ecbe759540de
https://conda.anaconda.org/conda-forge/linux-64/r-rcpp-1.0.13-r43h0d4f4ea_0.conda#4bdf774ca022b130631769de75f2e3b7
https://conda.anaconda.org/conda-forge/linux-64/r-rjsonio-1.3_1.9-r43h0d4f4ea_1.conda#bc245108e238e5ba2f86a1d607a56e3c
https://conda.anaconda.org/conda-forge/linux-64/r-rlang-1.1.4-r43ha18555a_1.conda#e9f6f76e66306bd6483935ad4c79ac28
https://conda.anaconda.org/conda-forge/noarch/r-rprojroot-2.0.4-r43hc72bb7e_1.conda#f55d999288e1f7e5e5efb7042eba4f4d
https://conda.anaconda.org/conda-forge/linux-64/r-stringi-1.8.4-r43h33cde33_3.conda#827bd9c9e7a678acee9c6a2d5b0586a6
https://conda.anaconda.org/conda-forge/linux-64/r-sys-3.4.2-r43hb1dbf0f_2.conda#97ac2486210aeff0afb5f4c5bcecf5d4
https://conda.anaconda.org/conda-forge/linux-64/r-sysfonts-0.8.9-r43h871ee9d_0.conda#e773d4520e92c708fee048ad3beb1131
https://conda.anaconda.org/conda-forge/linux-64/r-utf8-1.2.4-r43hb1dbf0f_1.conda#6337f1f20dea2a325142d2b7b1b7d42c
https://conda.anaconda.org/conda-forge/linux-64/r-uuid-1.2_1-r43hdb488b9_0.conda#910f2a2f84f53da39d2f0969abe160ad
https://conda.anaconda.org/conda-forge/noarch/r-viridislite-0.4.2-r43hc72bb7e_2.conda#2a5b8c2803b5714f3319a238c66cc9e7
https://conda.anaconda.org/conda-forge/noarch/r-withr-3.0.1-r43hc72bb7e_0.conda#7d7e5e3740a49c0fe78ff729d49ea1a5
https://conda.anaconda.org/conda-forge/linux-64/r-xfun-0.46-r43h0d4f4ea_0.conda#62da57182ae2be4e3b04449d63cfe8e1
https://conda.anaconda.org/conda-forge/linux-64/r-yaml-2.3.10-r43hdb488b9_0.conda#ad2267cd6e74c87f2720494ea13f0fa4
https://conda.anaconda.org/conda-forge/noarch/s3transfer-0.10.2-pyhd8ed1ab_0.conda#80f00f9033aee2358171207746e09ea0
https://conda.anaconda.org/conda-forge/noarch/boto3-1.34.159-pyhd8ed1ab_0.conda#381e79456c78f520ea4d43bb69d15328
https://conda.anaconda.org/conda-forge/linux-64/libarrow-acero-17.0.0-he02047a_7_cpu.conda#64ba31c035986db4e46f98410607498e
https://conda.anaconda.org/conda-forge/linux-64/libparquet-17.0.0-haa1307c_7_cpu.conda#7448f406b12fc479eb5a7dbf485c0428
https://conda.anaconda.org/conda-forge/noarch/r-argparse-2.2.3-r43hc72bb7e_1.conda#4a112f5abf0991d2f72d0efc7abbfc04
https://conda.anaconda.org/conda-forge/linux-64/r-askpass-1.2.0-r43hb1dbf0f_1.conda#01e6c23b754802bb1f68664e56de58fc
https://conda.anaconda.org/conda-forge/linux-64/r-bit64-4.0.5-r43hb1dbf0f_3.conda#0497d0061211b14cb89186a43d132ad1
https://conda.anaconda.org/conda-forge/linux-64/r-cachem-1.1.0-r43hb1dbf0f_1.conda#02b195910b59c2cfd1fb7159edbb047a
https://conda.anaconda.org/conda-forge/noarch/r-desc-1.4.3-r43hc72bb7e_1.conda#fa71778594f1bfdca6c87079b5888ae0
https://conda.anaconda.org/conda-forge/linux-64/r-diffobj-0.3.5-r43hb1dbf0f_3.conda#9afdf77d5282ae36261377dc74b3d337
https://conda.anaconda.org/conda-forge/linux-64/r-ellipsis-0.3.2-r43hb1dbf0f_3.conda#b8349582a31b17184a7674f4c847a5ad
https://conda.anaconda.org/conda-forge/noarch/r-here-1.0.1-r43hc72bb7e_3.conda#32b6ba56497d82690a8d4365f1d6b643
https://conda.anaconda.org/conda-forge/noarch/r-highr-0.11-r43hc72bb7e_1.conda#23e4d2048f51cbe7c0fb8b9230edc701
https://conda.anaconda.org/conda-forge/noarch/r-lifecycle-1.0.4-r43hc72bb7e_1.conda#7a0a8ba1fe2cf12b39062d8291e2fca8
https://conda.anaconda.org/conda-forge/linux-64/r-matrix-1.6_5-r43he966344_1.conda#df8a1175a62460e02dbf340966cbfeab
https://conda.anaconda.org/conda-forge/noarch/r-munsell-0.5.1-r43hc72bb7e_1.conda#8b2f9bb8064ae0896ffedd984661a2d5
https://conda.anaconda.org/conda-forge/linux-64/r-nlme-3.1_165-r43hbcb9c34_1.conda#ae3f1ce6e352a9089f639044764c533f
https://conda.anaconda.org/conda-forge/noarch/r-optparse-1.7.5-r43hc72bb7e_1.conda#ae32080aac0f74e73e7cd6e774db1c73
https://conda.anaconda.org/conda-forge/noarch/r-prettyunits-1.2.0-r43hc72bb7e_1.conda#cf655364ee1c16ad385e829987a67458
https://conda.anaconda.org/conda-forge/linux-64/r-processx-3.8.4-r43hb1dbf0f_1.conda#b9dcc14c0f4866d8593bb5fbd3f1c447
https://conda.anaconda.org/conda-forge/linux-64/r-rcpptoml-0.2.2-r43ha18555a_2.conda#cdca5dcfcb11c215f182210dde740a41
https://conda.anaconda.org/conda-forge/noarch/r-sessioninfo-1.2.2-r43hc72bb7e_3.conda#5e9865949e78fc703cc30b0644dd0ad5
https://conda.anaconda.org/conda-forge/noarch/r-showtextdb-3.0-r43hc72bb7e_2.conda#3fb2ce8a8b89b9d54bd5f75ef513967d
https://conda.anaconda.org/conda-forge/linux-64/r-timechange-0.3.0-r43ha18555a_1.conda#da155dc726414cca04cdc76a297c4463
https://conda.anaconda.org/conda-forge/noarch/r-tinytex-0.52-r43hc72bb7e_0.conda#b60613abdfd0690e8b4ed8dfb142511f
https://conda.anaconda.org/conda-forge/linux-64/r-tzdb-0.4.0-r43ha18555a_2.conda#af670d1acc46c7aa0973ad190e0f52a0
https://conda.anaconda.org/conda-forge/linux-64/r-xml2-1.3.6-r43h8194278_2.conda#bf45fca038138a632e44be28adad50b5
https://conda.anaconda.org/conda-forge/linux-64/libarrow-dataset-17.0.0-he02047a_7_cpu.conda#ad26d57360f2019840af562ddf3cb7d2
https://conda.anaconda.org/conda-forge/noarch/r-callr-3.7.6-r43hc72bb7e_1.conda#cb327fa8f604dce0de71143459185b9f
https://conda.anaconda.org/conda-forge/noarch/r-gtable-0.3.5-r43hc72bb7e_1.conda#373d1655e4d3c45b6abe455d8a52b14e
https://conda.anaconda.org/conda-forge/linux-64/r-htmltools-0.5.8.1-r43ha18555a_1.conda#7b26688542e1b7a39fc62affeef9d32e
https://conda.anaconda.org/conda-forge/noarch/r-knitr-1.48-r43hc72bb7e_0.conda#78b89f7a7df2bacfa367589fc95a36db
https://conda.anaconda.org/conda-forge/linux-64/r-lubridate-1.9.3-r43hdb488b9_1.conda#7bce2af86e6010576bdb4718cbd985b9
https://conda.anaconda.org/conda-forge/noarch/r-memoise-2.0.1-r43hc72bb7e_3.conda#98e3d2eb6635a5f7b8af487f47184a98
https://conda.anaconda.org/conda-forge/linux-64/r-mgcv-1.9_1-r43h0d28552_1.conda#154d840fb734a3f80a5ef623b52ff6cd
https://conda.anaconda.org/conda-forge/linux-64/r-openssl-2.2.0-r43h5bbf899_1.conda#d0d7032f575c8ed6ae83cd8c4d7214e4
https://conda.anaconda.org/conda-forge/linux-64/r-reticulate-1.38.0-r43h0d4f4ea_1.conda#66994bea9aa26cad571263b251b5709b
https://conda.anaconda.org/conda-forge/noarch/r-scales-1.3.0-r43hc72bb7e_1.conda#119d9c10dc652ac1492fc49951d86860
https://conda.anaconda.org/conda-forge/linux-64/r-showtext-0.9_7-r43h871ee9d_0.conda#30e219a0a6608e52c2f065546345ef97
https://conda.anaconda.org/conda-forge/linux-64/r-vctrs-0.6.5-r43h0d4f4ea_1.conda#7f4c30bb576acec2a682c40790c2d406
https://conda.anaconda.org/conda-forge/linux-64/libarrow-substrait-17.0.0-hc9a23c6_7_cpu.conda#a0207293ee147d04b46b44d60266d964
https://conda.anaconda.org/conda-forge/noarch/r-fontawesome-0.5.2-r43hc72bb7e_1.conda#7eae1f1e19732ec65fab5c3acb836de9
https://conda.anaconda.org/conda-forge/noarch/r-hms-1.1.3-r43hc72bb7e_2.conda#5eed9ddd04bbb39ecf29045e2b4cc079
https://conda.anaconda.org/conda-forge/noarch/r-httr-1.4.7-r43hc72bb7e_1.conda#746050b53c705dbe5ac9c5fbce51737a
https://conda.anaconda.org/conda-forge/noarch/r-jose-1.2.0-r43hc72bb7e_3.conda#bc73ad8e4db35ee0d636290c530093cf
https://conda.anaconda.org/conda-forge/noarch/r-jquerylib-0.1.4-r43hc72bb7e_3.conda#39eb4928bdd8752b548f7cbe8fa7cabd
https://conda.anaconda.org/conda-forge/noarch/r-pillar-1.9.0-r43hc72bb7e_2.conda#49a43daa7f46eecd9d42f1073da96662
https://conda.anaconda.org/conda-forge/noarch/r-pkgbuild-1.4.4-r43hc72bb7e_1.conda#f057b945cbdc231de0c73ff52aa54ba0
https://conda.anaconda.org/conda-forge/linux-64/r-purrr-1.0.2-r43hdb488b9_1.conda#4270c6c51a02fc0da32b9d7b453ef3f5
https://conda.anaconda.org/conda-forge/noarch/r-rathena-2.6.1-r43hc72bb7e_0.conda#3f429dc696bb99d2e14aa5c39b29c614
https://conda.anaconda.org/conda-forge/linux-64/r-sass-0.4.9-r43ha18555a_1.conda#4671c120e368b94d8651b7289d06a43f
https://conda.anaconda.org/conda-forge/noarch/r-stringr-1.5.1-r43h785f33e_1.conda#b997c27a396a991db9fba6ad9c07da40
https://conda.anaconda.org/conda-forge/noarch/r-tidyselect-1.2.1-r43hc72bb7e_1.conda#f55367f874307bb57575ac1506079178
https://conda.anaconda.org/conda-forge/linux-64/r-arrow-17.0.0-r43he02047a_1.conda#dbb3cb1111558a2e42b8764b7061d6b7
https://conda.anaconda.org/conda-forge/noarch/r-bslib-0.8.0-r43hc72bb7e_0.conda#1ad48e7ec3071fd043d89ce5f8c9eb7d
https://conda.anaconda.org/conda-forge/linux-64/r-paws.common-0.7.4-r43h0d4f4ea_1.conda#6ccc8c91ed4b8c79c0442d0c810a26a0
https://conda.anaconda.org/conda-forge/noarch/r-pkgload-1.4.0-r43hc72bb7e_0.conda#7edfb2d0c6ec1568c58369bf326ad18b
https://conda.anaconda.org/conda-forge/noarch/r-progress-1.2.3-r43hc72bb7e_1.conda#e50711aa4ed08fae208148998c92f296
https://conda.anaconda.org/conda-forge/linux-64/r-tibble-3.2.1-r43hdb488b9_3.conda#3e78c6ee2205ef56c165cbf2c166fdf6
https://conda.anaconda.org/conda-forge/linux-64/r-dplyr-1.1.4-r43h0d4f4ea_1.conda#ab942d9107cdd78e74410f9ec48e50c7
https://conda.anaconda.org/conda-forge/noarch/r-ggplot2-3.5.1-r43hc72bb7e_1.conda#a828d1513cabc43cf0711ee0eaec53b2
https://conda.anaconda.org/conda-forge/noarch/r-paws.storage-0.6.0-r43hc72bb7e_1.conda#c644978a3345a9436bfb0dce6e1b85c6
https://conda.anaconda.org/conda-forge/noarch/r-rematch2-2.1.2-r43hc72bb7e_4.conda#3a4a5f3929460a3e8450d94aac2d85c2
https://conda.anaconda.org/conda-forge/noarch/r-rmarkdown-2.27-r43hc72bb7e_1.conda#4b681e35650d7d10737bc0c6ed80ae9a
https://conda.anaconda.org/conda-forge/linux-64/r-vroom-1.6.5-r43h0d4f4ea_1.conda#2fc1d56664063aaa4ffd43a702a71baf
https://conda.anaconda.org/conda-forge/linux-64/r-emojifont-0.5.5-r43hc72bb7e_2.conda#dd27ae6d252ff0104f0e81a766e7f00d
https://conda.anaconda.org/conda-forge/linux-64/r-ggrepel-0.9.5-r43h0d4f4ea_1.conda#09d424f2ae2ecb17211535c293b15aaa
https://conda.anaconda.org/conda-forge/linux-64/r-readr-2.1.5-r43h0d4f4ea_1.conda#e3ffadf38171b07d753f0bb4f744d73f
https://conda.anaconda.org/conda-forge/linux-64/r-tidyr-1.3.1-r43h0d4f4ea_1.conda#f3e46eed831fa7cbce60dfead1ff6268
https://conda.anaconda.org/conda-forge/noarch/r-waldo-0.5.2-r43hc72bb7e_1.conda#3a9eb6216f9766e08e1abe9e1a249c1d
https://conda.anaconda.org/conda-forge/linux-64/r-testthat-3.2.1.1-r43h0d4f4ea_1.conda#31050a5b39d5c4e957574cc5ced41f43
https://conda.anaconda.org/umccr/noarch/r-dracarys-0.15.0-r43_0.tar.bz2#eeb2c10635e2d341a1c3bd40a47b9a60
https://conda.anaconda.org/umccr/noarch/r-rportal-0.1.2-py311r43_0.tar.bz2#a517c496029e52011efd3ee1d44942f7
