# Generated by conda-lock.
# platform: linux-64
# input_hash: 3151966fb9bd2b5ed65ec01f8e79d6490f407bf13666fab33db62cbcafd00964
@EXPLICIT
https://conda.anaconda.org/conda-forge/noarch/_r-mutex-1.0.1-anacondar_1.tar.bz2#19f9db5f4f1b7f5ef5f6d67207f25f38
https://conda.anaconda.org/conda-forge/noarch/font-ttf-dejavu-sans-mono-2.37-hab24e00_0.tar.bz2#0c96522c6bdaed4b1566d11387caaf45
https://conda.anaconda.org/conda-forge/noarch/font-ttf-inconsolata-3.000-h77eed37_0.tar.bz2#34893075a5c9e55cdafac56607368fc6
https://conda.anaconda.org/conda-forge/noarch/font-ttf-source-code-pro-2.038-h77eed37_0.tar.bz2#4d59c254e01d9cde7957100457e2d5fb
https://conda.anaconda.org/conda-forge/noarch/font-ttf-ubuntu-0.83-h77eed37_3.conda#49023d73832ef61042f6a237cb2687e7
https://conda.anaconda.org/conda-forge/noarch/kernel-headers_linux-64-4.18.0-he073ed8_9.conda#86d9cba083cd041bfbf242a01a7a1999
https://conda.anaconda.org/conda-forge/linux-64/libopentelemetry-cpp-headers-1.21.0-ha770c72_1.conda#9e298d76f543deb06eb0f3413675e13a
https://conda.anaconda.org/conda-forge/linux-64/nlohmann_json-3.12.0-h54a6638_1.conda#16c2a0e9c4a166e53632cfca4f68d020
https://conda.anaconda.org/conda-forge/linux-64/pandoc-3.9-ha770c72_0.conda#9048399267b4e56b122081aad7fda761
https://conda.anaconda.org/conda-forge/noarch/python_abi-3.14-8_cp314.conda#0539938c55b6b1a59b560e843ad864a4
https://conda.anaconda.org/conda-forge/noarch/tzdata-2025c-hc9c84f9_1.conda#ad659d0a2b3e47e38d829aa8cad2d610
https://conda.anaconda.org/conda-forge/noarch/ca-certificates-2026.2.25-hbd8a1cb_0.conda#4492fd26db29495f0ba23f146cd5638d
https://conda.anaconda.org/conda-forge/noarch/fonts-conda-forge-1-hc364b38_1.conda#a7970cd949a077b7cb9696379d338681
https://conda.anaconda.org/conda-forge/noarch/libgcc-devel_linux-64-15.2.0-hcc6f6b0_118.conda#5d3a96d55f1be45fef88ee23155effd9
https://conda.anaconda.org/conda-forge/linux-64/libgomp-15.2.0-he0feb66_18.conda#239c5e9546c38a1e884d69effcf4c882
https://conda.anaconda.org/conda-forge/noarch/libstdcxx-devel_linux-64-15.2.0-hd446a21_118.conda#a50630d1810916fc252b2152f1dc9d6d
https://conda.anaconda.org/conda-forge/noarch/sysroot_linux-64-2.28-h4ee821c_9.conda#13dc3adbc692664cd3beabd216434749
https://conda.anaconda.org/conda-forge/linux-64/_openmp_mutex-4.5-20_gnu.conda#a9f577daf3de00bca7c3c76c0ecbd1de
https://conda.anaconda.org/conda-forge/noarch/fonts-conda-ecosystem-1-0.tar.bz2#fee5683a3f04bd15cbd8318b096a27ab
https://conda.anaconda.org/conda-forge/linux-64/libgcc-15.2.0-he0feb66_18.conda#0aa00f03f9e39fb9876085dee11a85d4
https://conda.anaconda.org/conda-forge/linux-64/aws-c-common-0.12.4-hb03c661_0.conda#ae5621814cb99642c9308977fe90ed0d
https://conda.anaconda.org/conda-forge/linux-64/bzip2-1.0.8-hda65f42_9.conda#d2ffd7602c02f2b316fd921d39876885
https://conda.anaconda.org/conda-forge/linux-64/c-ares-1.34.6-hb03c661_0.conda#920bb03579f15389b9e512095ad995b7
https://conda.anaconda.org/conda-forge/linux-64/fribidi-1.0.16-hb03c661_0.conda#f9f81ea472684d75b9dd8d0b328cf655
https://conda.anaconda.org/conda-forge/linux-64/keyutils-1.6.3-hb9d3cd8_0.conda#b38117a3c920364aff79f870c984b4a3
https://conda.anaconda.org/conda-forge/linux-64/libbrotlicommon-1.1.0-hb03c661_4.conda#1d29d2e33fe59954af82ef54a8af3fe1
https://conda.anaconda.org/conda-forge/linux-64/libdeflate-1.25-h17f619e_0.conda#6c77a605a7a689d17d4819c0f8ac9a00
https://conda.anaconda.org/conda-forge/linux-64/libexpat-2.7.4-hecca717_0.conda#e7f7ce06ec24cfcfb9e36d28cf82ba57
https://conda.anaconda.org/conda-forge/linux-64/libffi-3.5.2-h3435931_0.conda#a360c33a5abe61c07959e449fa1453eb
https://conda.anaconda.org/conda-forge/linux-64/libgcc-ng-15.2.0-h69a702a_18.conda#d5e96b1ed75ca01906b3d2469b4ce493
https://conda.anaconda.org/conda-forge/linux-64/libgfortran5-15.2.0-h68bc16d_18.conda#646855f357199a12f02a87382d429b75
https://conda.anaconda.org/conda-forge/linux-64/libiconv-1.18-h3b78370_2.conda#915f5995e94f60e9a4826e0b0920ee88
https://conda.anaconda.org/conda-forge/linux-64/libjpeg-turbo-3.1.2-hb03c661_0.conda#8397539e3a0bbd1695584fb4f927485a
https://conda.anaconda.org/conda-forge/linux-64/liblzma-5.8.2-hb03c661_0.conda#c7c83eecbb72d88b940c249af56c8b17
https://conda.anaconda.org/conda-forge/linux-64/libmpdec-4.0.0-hb03c661_1.conda#2c21e66f50753a083cbe6b80f38268fa
https://conda.anaconda.org/conda-forge/linux-64/libstdcxx-15.2.0-h934c35e_18.conda#1b08cd684f34175e4514474793d44bcb
https://conda.anaconda.org/conda-forge/linux-64/libutf8proc-2.11.3-hfe17d71_0.conda#1247168fe4a0b8912e3336bccdbf98a5
https://conda.anaconda.org/conda-forge/linux-64/libuuid-2.41.3-h5347b49_0.conda#db409b7c1720428638e7c0d509d3e1b5
https://conda.anaconda.org/conda-forge/linux-64/libwebp-base-1.6.0-hd42ef1d_0.conda#aea31d2e5b1091feca96fcfe945c3cf9
https://conda.anaconda.org/conda-forge/linux-64/libzlib-1.3.1-hb9d3cd8_2.conda#edb0dca6bc32e4f4789199455a1dbeb8
https://conda.anaconda.org/conda-forge/linux-64/make-4.4.1-hb9d3cd8_2.conda#33405d2a66b1411db9f7242c8b97c9e7
https://conda.anaconda.org/conda-forge/linux-64/ncurses-6.5-h2d0b736_3.conda#47e340acb35de30501a76c7c799c41d7
https://conda.anaconda.org/conda-forge/linux-64/openssl-3.6.1-h35e630c_1.conda#f61eb8cd60ff9057122a3d338b99c00f
https://conda.anaconda.org/conda-forge/linux-64/pthread-stubs-0.4-hb9d3cd8_1002.conda#b3c17d95b5a10c6e64a21fa17573e70e
https://conda.anaconda.org/conda-forge/linux-64/sed-4.9-h6688a6e_0.conda#171afc5f7ca0408bbccbcb69ade85f92
https://conda.anaconda.org/conda-forge/linux-64/xorg-libice-1.1.2-hb9d3cd8_0.conda#fb901ff28063514abb6046c9ec2c4a45
https://conda.anaconda.org/conda-forge/linux-64/xorg-libxau-1.0.12-hb03c661_1.conda#b2895afaf55bf96a8c8282a2e47a5de0
https://conda.anaconda.org/conda-forge/linux-64/xorg-libxdmcp-1.1.5-hb03c661_1.conda#1dafce8548e38671bea82e3f5c6ce22f
https://conda.anaconda.org/conda-forge/linux-64/aws-c-cal-0.9.2-he7b75e1_1.conda#c04d1312e7feec369308d656c18e7f3e
https://conda.anaconda.org/conda-forge/linux-64/aws-c-compression-0.3.1-h92c474e_6.conda#3490e744cb8b9d5a3b9785839d618a17
https://conda.anaconda.org/conda-forge/linux-64/aws-c-sdkutils-0.2.4-h92c474e_1.conda#4ab554b102065910f098f88b40163835
https://conda.anaconda.org/conda-forge/linux-64/aws-checksums-0.2.7-h92c474e_2.conda#248831703050fe9a5b2680a7589fdba9
https://conda.anaconda.org/conda-forge/linux-64/gflags-2.2.2-h5888daf_1005.conda#d411fc29e338efb48c5fd4576d71d881
https://conda.anaconda.org/conda-forge/linux-64/graphite2-1.3.14-hecca717_2.conda#2cd94587f3a401ae05e03a6caf09539d
https://conda.anaconda.org/conda-forge/linux-64/lerc-4.0.0-h0aef613_1.conda#9344155d33912347b37f0ae6c410a835
https://conda.anaconda.org/conda-forge/linux-64/libabseil-20250512.1-cxx17_hba17884_0.conda#83b160d4da3e1e847bf044997621ed63
https://conda.anaconda.org/conda-forge/linux-64/libbrotlidec-1.1.0-hb03c661_4.conda#5cb5a1c9a94a78f5b23684bcb845338d
https://conda.anaconda.org/conda-forge/linux-64/libbrotlienc-1.1.0-hb03c661_4.conda#2e55011fa483edb8bfe3fd92e860cd79
https://conda.anaconda.org/conda-forge/linux-64/libedit-3.1.20250104-pl5321h7949ede_0.conda#c277e0a4d549b03ac1e9d6cbbe3d017b
https://conda.anaconda.org/conda-forge/linux-64/libev-4.33-hd590300_2.conda#172bf1cd1ff8629f2b1179945ed45055
https://conda.anaconda.org/conda-forge/linux-64/libevent-2.1.12-hf998b51_1.conda#a1cfcc585f0c42bf8d5546bb1dfb668d
https://conda.anaconda.org/conda-forge/linux-64/libgfortran-15.2.0-h69a702a_18.conda#9063115da5bc35fdc3e1002e69b9ef6e
https://conda.anaconda.org/conda-forge/linux-64/libpng-1.6.55-h421ea60_0.conda#5f13ffc7d30ffec87864e678df9957b4
https://conda.anaconda.org/conda-forge/linux-64/libsanitizer-15.2.0-h90f66d4_18.conda#ff754fbe790d4e70cf38aea3668c3cb3
https://conda.anaconda.org/conda-forge/linux-64/libsqlite-3.51.2-h0c1763c_0.conda#f7d30045eccb83f2bb8053041f42db3c
https://conda.anaconda.org/conda-forge/linux-64/libssh2-1.11.1-hcf80075_0.conda#eecce068c7e4eddeb169591baac20ac4
https://conda.anaconda.org/conda-forge/linux-64/libstdcxx-ng-15.2.0-hdf11a46_18.conda#6235adb93d064ecdf3d44faee6f468de
https://conda.anaconda.org/conda-forge/linux-64/libxcb-1.17.0-h8a09558_0.conda#92ed62436b625154323d40d5f2f11dd7
https://conda.anaconda.org/conda-forge/linux-64/lz4-c-1.10.0-h5888daf_1.conda#9de5350a85c4a20c685259b889aa6393
https://conda.anaconda.org/conda-forge/linux-64/pcre2-10.47-haa7fec5_0.conda#7a3bff861a6583f1889021facefc08b1
https://conda.anaconda.org/conda-forge/linux-64/pixman-0.46.4-h54a6638_1.conda#c01af13bdc553d1a8fbfff6e8db075f0
https://conda.anaconda.org/conda-forge/linux-64/readline-8.3-h853b02a_0.conda#d7d95fc8287ea7bf33e0e7116d2b95ec
https://conda.anaconda.org/conda-forge/linux-64/s2n-1.5.26-h5ac9029_0.conda#0cfd80e699ae130623c0f42c6c6cf798
https://conda.anaconda.org/conda-forge/linux-64/snappy-1.2.2-h03e3b7b_1.conda#98b6c9dc80eb87b2519b97bcf7e578dd
https://conda.anaconda.org/conda-forge/linux-64/tk-8.6.13-noxft_h366c992_103.conda#cffd3bdd58090148f4cfcd831f4b26ab
https://conda.anaconda.org/conda-forge/linux-64/xorg-libsm-1.2.6-he73a12e_0.conda#1c74ff8c35dcadf952a16f752ca5aa49
https://conda.anaconda.org/conda-forge/linux-64/zlib-1.3.1-hb9d3cd8_2.conda#c9f075ab2f33b3bbee9e62d4ad0a6cd8
https://conda.anaconda.org/conda-forge/linux-64/zstd-1.5.7-hb78ec9c_6.conda#4a13eeac0b5c8e5b8ab496e6c4ddd829
https://conda.anaconda.org/conda-forge/linux-64/aws-c-io-0.22.0-h57f3b0d_1.conda#2de3494a513d360155b7f4da7b017840
https://conda.anaconda.org/conda-forge/linux-64/bwidget-1.10.1-ha770c72_1.conda#983b92277d78c0d0ec498e460caa0e6d
https://conda.anaconda.org/conda-forge/linux-64/glog-0.7.1-hbabe93e_0.conda#ff862eebdfeb2fd048ae9dc92510baca
https://conda.anaconda.org/conda-forge/linux-64/icu-75.1-he02047a_0.conda#8b189310083baabfb622af68fd9d3ae3
https://conda.anaconda.org/conda-forge/linux-64/krb5-1.22.2-ha1258a1_0.conda#fb53fb07ce46a575c5d004bbc96032c2
https://conda.anaconda.org/conda-forge/linux-64/ld_impl_linux-64-2.45.1-default_hbd61a6d_101.conda#12bd9a3f089ee6c9266a37dab82afabd
https://conda.anaconda.org/conda-forge/linux-64/libcrc32c-1.1.2-h9c3ff4c_0.tar.bz2#c965a5aa0d5c1c37ffc62dff36e28400
https://conda.anaconda.org/conda-forge/linux-64/libfreetype6-2.14.1-h73754d4_0.conda#8e7251989bca326a28f4a5ffbd74557a
https://conda.anaconda.org/conda-forge/linux-64/libgfortran-ng-15.2.0-h69a702a_18.conda#26d7b228de99d6fb032ba4d5c1679040
https://conda.anaconda.org/conda-forge/linux-64/libglib-2.86.4-h6548e54_1.conda#bb26456332b07f68bf3b7622ed71c0da
https://conda.anaconda.org/conda-forge/linux-64/libnghttp2-1.67.0-had1ee68_0.conda#b499ce4b026493a13774bcf0f4c33849
https://conda.anaconda.org/conda-forge/linux-64/libopenblas-0.3.30-pthreads_h94d23a6_4.conda#be43915efc66345cccb3c310b6ed0374
https://conda.anaconda.org/conda-forge/linux-64/libprotobuf-6.31.1-h49aed37_4.conda#07479fc04ba3ddd5d9f760ef1635cfa7
https://conda.anaconda.org/conda-forge/linux-64/libre2-11-2025.11.05-h7b12aa8_0.conda#a30848ebf39327ea078cf26d114cff53
https://conda.anaconda.org/conda-forge/linux-64/libthrift-0.22.0-h454ac66_1.conda#8ed82d90e6b1686f5e98f8b7825a15ef
https://conda.anaconda.org/conda-forge/linux-64/libtiff-4.7.1-h9d88235_1.conda#cd5a90476766d53e901500df9215e927
https://conda.anaconda.org/conda-forge/linux-64/tktable-2.10-h8d826fa_7.conda#3ac51142c19ba95ae0fadefa333c9afb
https://conda.anaconda.org/conda-forge/linux-64/xorg-libx11-1.8.13-he1eb515_0.conda#861fb6ccbc677bb9a9fb2468430b9c6a
https://conda.anaconda.org/conda-forge/linux-64/aws-c-event-stream-0.5.6-h82d11aa_3.conda#a6374ed86387e0b1967adc8d8988db86
https://conda.anaconda.org/conda-forge/linux-64/aws-c-http-0.10.4-h94feff3_3.conda#8dd69714ac24879be0865676eb333f6b
https://conda.anaconda.org/conda-forge/linux-64/binutils_impl_linux-64-2.45.1-default_hfdba357_101.conda#83aa53cb3f5fc849851a84d777a60551
https://conda.anaconda.org/conda-forge/linux-64/libblas-3.11.0-5_h4a7cf45_openblas.conda#c160954f7418d7b6e87eaf05a8913fa9
https://conda.anaconda.org/conda-forge/linux-64/libcurl-8.18.0-hcf29cc6_1.conda#1707cdd636af2ff697b53186572c9f77
https://conda.anaconda.org/conda-forge/linux-64/libfreetype-2.14.1-ha770c72_0.conda#f4084e4e6577797150f9b04a4560ceb0
https://conda.anaconda.org/conda-forge/linux-64/libxml2-2.13.9-h04c0eec_0.conda#35eeb0a2add53b1e50218ed230fa6a02
https://conda.anaconda.org/conda-forge/linux-64/orc-2.2.1-hd747db4_0.conda#ddab8b2af55b88d63469c040377bd37e
https://conda.anaconda.org/conda-forge/linux-64/python-3.14.3-h32b2ec7_101_cp314.conda#c014ad06e60441661737121d3eae8a60
https://conda.anaconda.org/conda-forge/linux-64/re2-2025.11.05-h5301d42_0.conda#0227d04521bc3d28c7995c7e1f99a721
https://conda.anaconda.org/conda-forge/linux-64/xorg-libxext-1.3.7-hb03c661_0.conda#34e54f03dfea3e7a2dcf1453a85f1085
https://conda.anaconda.org/conda-forge/linux-64/xorg-libxrender-0.9.12-hb9d3cd8_0.conda#96d57aba173e878a2089d5638016dc5e
https://conda.anaconda.org/conda-forge/linux-64/xorg-libxt-1.3.1-hb9d3cd8_0.conda#279b0de5f6ba95457190a1c459a64e31
https://conda.anaconda.org/conda-forge/linux-64/aws-c-auth-0.9.1-h48c9088_3.conda#afdbdbe7f786f47a36a51fdc2fe91210
https://conda.anaconda.org/conda-forge/linux-64/aws-c-mqtt-0.13.3-h2b1cf8c_6.conda#7bb5e26afec09a59283ec1783798d74a
https://conda.anaconda.org/conda-forge/linux-64/azure-core-cpp-1.16.0-h3a458e0_1.conda#682cb082bbd998528c51f1e77d9ce415
https://conda.anaconda.org/conda-forge/linux-64/brotli-python-1.1.0-py314ha160325_4.conda#a5529cb388bf7c6c9ae3d9d1ae54be56
https://conda.anaconda.org/conda-forge/linux-64/curl-8.18.0-hcf29cc6_1.conda#5382de77de69b4a10310be3266b60480
https://conda.anaconda.org/conda-forge/linux-64/fontconfig-2.17.1-h27c8c51_0.conda#867127763fbe935bab59815b6e0b7b5c
https://conda.anaconda.org/conda-forge/linux-64/freetype-2.14.1-ha770c72_0.conda#4afc585cd97ba8a23809406cd8a9eda8
https://conda.anaconda.org/conda-forge/linux-64/gcc_impl_linux-64-15.2.0-he420e7e_18.conda#cf56b6d74f580b91fd527e10d9a2e324
https://conda.anaconda.org/conda-forge/noarch/hpack-4.1.0-pyhd8ed1ab_0.conda#0a802cb9888dd14eeefc611f05c40b6e
https://conda.anaconda.org/conda-forge/noarch/hyperframe-6.1.0-pyhd8ed1ab_0.conda#8e6923fc12f1fe8f8c4e5c9f343256ac
https://conda.anaconda.org/conda-forge/noarch/jmespath-1.1.0-pyhcf101f3_1.conda#cc73a9bd315659dc5307a5270f44786f
https://conda.anaconda.org/conda-forge/linux-64/libcblas-3.11.0-5_h0358290_openblas.conda#6636a2b6f1a87572df2970d3ebc87cc0
https://conda.anaconda.org/conda-forge/linux-64/libgrpc-1.73.1-h3288cfb_1.conda#ff63bb12ac31c176ff257e3289f20770
https://conda.anaconda.org/conda-forge/linux-64/liblapack-3.11.0-5_h47877c9_openblas.conda#b38076eb5c8e40d0106beda6f95d7609
https://conda.anaconda.org/conda-forge/linux-64/prometheus-cpp-1.3.0-ha5d0236_0.conda#a83f6a2fdc079e643237887a37460668
https://conda.anaconda.org/conda-forge/noarch/pycparser-2.22-pyh29332c3_1.conda#12c566707c80111f9799308d9e265aef
https://conda.anaconda.org/conda-forge/noarch/pysocks-1.7.1-pyha55dd90_7.conda#461219d1a5bd61342293efa2c0c90eac
https://conda.anaconda.org/conda-forge/noarch/six-1.17.0-pyhe01879c_1.conda#3339e3b65d58accf4ca4fb8748ab16b3
https://conda.anaconda.org/conda-forge/linux-64/aws-c-s3-0.8.6-h4e5ac4b_5.conda#1557911474d926a8bd7b32a5f02bba35
https://conda.anaconda.org/conda-forge/linux-64/azure-identity-cpp-1.12.0-ha729027_0.conda#3dab8d6fa3d10fe4104f1fbe59c10176
https://conda.anaconda.org/conda-forge/linux-64/azure-storage-common-cpp-12.10.0-hebae86a_2.conda#0d93ce986d13e46a8fc91c289597d78f
https://conda.anaconda.org/conda-forge/linux-64/cairo-1.18.4-h3394656_0.conda#09262e66b19567aff4f592fb53b28760
https://conda.anaconda.org/conda-forge/linux-64/cffi-2.0.0-py314h4a8dc5f_1.conda#cf45f4278afd6f4e6d03eda0f435d527
https://conda.anaconda.org/conda-forge/linux-64/gfortran_impl_linux-64-15.2.0-h281d09f_18.conda#d19ccc223bcd1d4e3f6b5884b7b58add
https://conda.anaconda.org/conda-forge/linux-64/gsl-2.7-he838d99_0.tar.bz2#fec079ba39c9cca093bf4c00001825de
https://conda.anaconda.org/conda-forge/linux-64/gxx_impl_linux-64-15.2.0-hda75c37_18.conda#e39123ab71f2e4cf989aa6aa5fafdaaf
https://conda.anaconda.org/conda-forge/noarch/h2-4.3.0-pyhcf101f3_0.conda#164fc43f0b53b6e3a7bc7dce5e4f1dc9
https://conda.anaconda.org/conda-forge/linux-64/libgoogle-cloud-2.39.0-hdb79228_0.conda#a2e30ccd49f753fd30de0d30b1569789
https://conda.anaconda.org/conda-forge/linux-64/libopentelemetry-cpp-1.21.0-hb9b0907_1.conda#1c0320794855f457dea27d35c4c71e23
https://conda.anaconda.org/conda-forge/noarch/python-dateutil-2.9.0.post0-pyhe01879c_2.conda#5b8d21249ff20967101ffa321cab24e8
https://conda.anaconda.org/conda-forge/linux-64/aws-crt-cpp-0.34.4-h60c762c_0.conda#d41cf259f1b3e2a2347b11b98f64623d
https://conda.anaconda.org/conda-forge/linux-64/azure-storage-blobs-cpp-12.14.0-hb1c9500_1.conda#30da390c211967189c58f83ab58a6f0c
https://conda.anaconda.org/conda-forge/linux-64/harfbuzz-12.2.0-h15599e2_0.conda#b8690f53007e9b5ee2c2178dd4ac778c
https://conda.anaconda.org/conda-forge/linux-64/libgoogle-cloud-storage-2.39.0-hdbdcf42_0.conda#bd21962ff8a9d1ce4720d42a35a4af40
https://conda.anaconda.org/conda-forge/linux-64/zstandard-0.25.0-py314h0f05182_1.conda#2930a6e1c7b3bc5f66172e324a8f5fc3
https://conda.anaconda.org/conda-forge/linux-64/aws-sdk-cpp-1.11.606-h32384e2_4.conda#31067fbcb4ddfd76bc855532cc228568
https://conda.anaconda.org/conda-forge/linux-64/azure-storage-files-datalake-cpp-12.12.0-h8b27e44_3.conda#7b738aea4f1b8ae2d1118156ad3ae993
https://conda.anaconda.org/conda-forge/linux-64/pango-1.56.4-hadf4263_0.conda#79f71230c069a287efe3a8614069ddf1
https://conda.anaconda.org/conda-forge/noarch/urllib3-2.5.0-pyhd8ed1ab_0.conda#436c165519e140cb08d246a4472a9d6a
https://conda.anaconda.org/conda-forge/noarch/botocore-1.42.57-pyhd8ed1ab_0.conda#9ea43484d7f27bfabf32b7af769bfec9
https://conda.anaconda.org/conda-forge/linux-64/libarrow-21.0.0-h56a6dad_8_cpu.conda#3dc4bd7a6243159d2a3291e259222ddc
https://conda.anaconda.org/conda-forge/linux-64/r-base-4.3.3-hc28aa72_21.conda#85209f3295abc01ec3e9bd4de5290543
https://conda.anaconda.org/conda-forge/linux-64/libarrow-compute-21.0.0-h8c2c5c3_8_cpu.conda#64342bd7f29894d3f16ef7b71f8f2328
https://conda.anaconda.org/conda-forge/linux-64/libparquet-21.0.0-h790f06f_8_cpu.conda#80344ce1bdd57e68bd70e742430a408c
https://conda.anaconda.org/conda-forge/noarch/r-assertthat-0.2.1-r43hc72bb7e_5.conda#830d74ef2014697ec7f95922cd6edcef
https://conda.anaconda.org/conda-forge/linux-64/r-base64enc-0.1_3-r43hb1dbf0f_1007.conda#3509080778587bf9d42eae11e0246633
https://conda.anaconda.org/conda-forge/linux-64/r-bit-4.6.0-r43h2b5f3a1_0.conda#6a3c84f3e9d9fb7c5dc53c6d71d15ccb
https://conda.anaconda.org/conda-forge/linux-64/r-brio-1.1.5-r43hb1dbf0f_1.conda#57032df549b16ca7bb49e961fc0cd8ee
https://conda.anaconda.org/conda-forge/linux-64/r-cli-3.6.5-r43h93ab643_0.conda#5d49a07fdd4ca869c4a79082692c4d2a
https://conda.anaconda.org/conda-forge/noarch/r-clipr-0.8.0-r43hc72bb7e_3.conda#57efbe0d7deb70566c3314c2f6be7a22
https://conda.anaconda.org/conda-forge/linux-64/r-colorspace-2.1_1-r43hdb488b9_0.conda#0c6d4c26ca41246a4053d79e1b4d78ff
https://conda.anaconda.org/conda-forge/noarch/r-cpp11-0.5.2-r43h785f33e_1.conda#7bc23dbad7c6015d9b2b9c59bb3e5d85
https://conda.anaconda.org/conda-forge/noarch/r-crayon-1.5.3-r43hc72bb7e_1.conda#bafc77be1942ea00228cf18d2cb30e35
https://conda.anaconda.org/conda-forge/linux-64/r-curl-7.0.0-r43h10955f1_0.conda#3237e03a9dc669489dab7a36dc1503c2
https://conda.anaconda.org/conda-forge/linux-64/r-data.table-1.17.8-r43h1c8cec4_0.conda#f07abbed7956fc27e689d5215ce4abc0
https://conda.anaconda.org/conda-forge/noarch/r-dbi-1.2.3-r43hc72bb7e_1.conda#6a3941852688f1291271e4ef5772425d
https://conda.anaconda.org/conda-forge/linux-64/r-digest-0.6.37-r43h0d4f4ea_0.conda#edcd201672d47f522666954cc7b25e0d
https://conda.anaconda.org/conda-forge/noarch/r-evaluate-1.0.5-r43hc72bb7e_0.conda#2bab6cf87eef4415a1004cf112319c81
https://conda.anaconda.org/conda-forge/linux-64/r-fansi-1.0.6-r43hb1dbf0f_1.conda#4c17a0f74a974316fdfafa5a9fe91b52
https://conda.anaconda.org/conda-forge/linux-64/r-farver-2.1.2-r43ha18555a_1.conda#85a82a5b78397daf57f002120aed9e3e
https://conda.anaconda.org/conda-forge/linux-64/r-fastmap-1.2.0-r43ha18555a_1.conda#ac100509c0d93c8dc19e53fb299a48b5
https://conda.anaconda.org/conda-forge/noarch/r-findpython-1.0.9-r43hc72bb7e_0.conda#464095877eb683139b054beb4911a805
https://conda.anaconda.org/conda-forge/linux-64/r-fs-1.6.6-r43h93ab643_0.conda#6a5d79631aeaeef651fbfd7cbf5a954d
https://conda.anaconda.org/conda-forge/noarch/r-generics-0.1.4-r43hc72bb7e_0.conda#9df9346f18ca43dc30488fb2f520999c
https://conda.anaconda.org/conda-forge/noarch/r-getopt-1.20.4-r43ha770c72_1.conda#cf6793c369dbc7ef63d9c1bc9b186615
https://conda.anaconda.org/conda-forge/linux-64/r-glue-1.8.0-r43h2b5f3a1_0.conda#381d612db7519f2a54f1b187e738ac7b
https://conda.anaconda.org/conda-forge/linux-64/r-isoband-0.2.7-r43ha18555a_3.conda#39459e8609d9461d90ee0683a7fd2f3a
https://conda.anaconda.org/conda-forge/linux-64/r-jsonlite-2.0.0-r43h2b5f3a1_0.conda#576ceaa3103ec089c0314e717d74e4de
https://conda.anaconda.org/conda-forge/noarch/r-labeling-0.4.3-r43hc72bb7e_1.conda#0464c37b6ff6701cbb8606e8f4bfebe4
https://conda.anaconda.org/conda-forge/linux-64/r-lattice-0.22_7-r43h2b5f3a1_0.conda#1902233545ef5232dacdd973153d77c4
https://conda.anaconda.org/conda-forge/linux-64/r-magrittr-2.0.3-r43hb1dbf0f_3.conda#fc61bcf37e59037b486c8841a704e9da
https://conda.anaconda.org/conda-forge/linux-64/r-mass-7.3_60.0.1-r43hb1dbf0f_1.conda#c3c9184486ccabe19b86aba11351652e
https://conda.anaconda.org/conda-forge/linux-64/r-mime-0.13-r43h2b5f3a1_0.conda#908a1d0ff246fcf4040de60d49b08049
https://conda.anaconda.org/conda-forge/noarch/r-pkgconfig-2.0.3-r43hc72bb7e_4.conda#509adf7f5bc34d77064f28f487d7fa6e
https://conda.anaconda.org/conda-forge/linux-64/r-png-0.1_8-r43h21f035c_2.conda#bb38ba000f70e6776d546e1b41b8ce4c
https://conda.anaconda.org/conda-forge/noarch/r-praise-1.0.0-r43hc72bb7e_1008.conda#73c82834d0920677d71a8a1bc0f624a9
https://conda.anaconda.org/conda-forge/noarch/r-proto-1.0.0-r43ha770c72_2006.conda#d572748bb92ab7c973c2b9f287ea9c36
https://conda.anaconda.org/conda-forge/linux-64/r-ps-1.9.1-r43h2b5f3a1_0.conda#997835537cc3b728c0082893eec73955
https://conda.anaconda.org/conda-forge/noarch/r-r6-2.6.1-r43hc72bb7e_0.conda#be02712c703445dc5cabbe0f22d0d063
https://conda.anaconda.org/conda-forge/linux-64/r-rappdirs-0.3.3-r43hb1dbf0f_3.conda#9fb3dd1c37f2b0d351850edf594fb1a9
https://conda.anaconda.org/conda-forge/noarch/r-rcolorbrewer-1.1_3-r43h785f33e_3.conda#ceb1c167b7d9e5eefed0ecbe759540de
https://conda.anaconda.org/conda-forge/linux-64/r-rcpp-1.1.0-r43h93ab643_0.conda#b10c60cf4d65df16b0fe2a17e2324375
https://conda.anaconda.org/conda-forge/linux-64/r-rjsonio-2.0.0-r43h93ab643_0.conda#f82e67c224ca48e9f21370cd24d794d2
https://conda.anaconda.org/conda-forge/linux-64/r-rlang-1.1.6-r43h93ab643_0.conda#057b78b5adfffc99092504a1da563abe
https://conda.anaconda.org/conda-forge/noarch/r-rprojroot-2.1.1-r43hc72bb7e_0.conda#4de23d78685c5747880683c8cb27fda7
https://conda.anaconda.org/conda-forge/linux-64/r-stringi-1.8.7-r43h3c328a7_0.conda#05f7189c872c35b10688e523f23ccbc6
https://conda.anaconda.org/conda-forge/linux-64/r-sys-3.4.3-r43h2b5f3a1_0.conda#b7ce9f99da446a47b97950ff9a9cbb60
https://conda.anaconda.org/conda-forge/linux-64/r-sysfonts-0.8.9-r43h97c7515_1.conda#87b84046962d1d82a754236e56f72692
https://conda.anaconda.org/conda-forge/linux-64/r-utf8-1.2.6-r43h2b5f3a1_0.conda#a2b3283964103f1ff47d6acea6f69e24
https://conda.anaconda.org/conda-forge/linux-64/r-uuid-1.2_1-r43hdb488b9_0.conda#910f2a2f84f53da39d2f0969abe160ad
https://conda.anaconda.org/conda-forge/noarch/r-viridislite-0.4.2-r43hc72bb7e_2.conda#2a5b8c2803b5714f3319a238c66cc9e7
https://conda.anaconda.org/conda-forge/noarch/r-withr-3.0.2-r43hc72bb7e_0.conda#e503cae9a96ad7771fa6ccd3af90477b
https://conda.anaconda.org/conda-forge/linux-64/r-xfun-0.53-r43h3697838_0.conda#0acf47e924912990f08c13f043c1aa46
https://conda.anaconda.org/conda-forge/linux-64/r-yaml-2.3.10-r43hdb488b9_0.conda#ad2267cd6e74c87f2720494ea13f0fa4
https://conda.anaconda.org/conda-forge/noarch/s3transfer-0.16.0-pyhd8ed1ab_0.conda#061b5affcffeef245d60ec3007d1effd
https://conda.anaconda.org/conda-forge/noarch/boto3-1.42.56-pyhd8ed1ab_0.conda#f79be7dac2b58a978c50eceb44c505d5
https://conda.anaconda.org/conda-forge/linux-64/libarrow-acero-21.0.0-h635bf11_8_cpu.conda#1b8f002c3ea2f207a8306d94370f526b
https://conda.anaconda.org/conda-forge/noarch/r-argparse-2.2.5-r43hc72bb7e_0.conda#00122b42ae4d949f6a027aac1045b83a
https://conda.anaconda.org/conda-forge/linux-64/r-askpass-1.2.1-r43h2b5f3a1_0.conda#8ccad521ab24a75928dd54af1e42632d
https://conda.anaconda.org/conda-forge/linux-64/r-bit64-4.6.0_1-r43h2b5f3a1_0.conda#e8ec46dd5b7da8ffa5c2430032e19a89
https://conda.anaconda.org/conda-forge/linux-64/r-cachem-1.1.0-r43hb1dbf0f_1.conda#02b195910b59c2cfd1fb7159edbb047a
https://conda.anaconda.org/conda-forge/noarch/r-desc-1.4.3-r43hc72bb7e_1.conda#fa71778594f1bfdca6c87079b5888ae0
https://conda.anaconda.org/conda-forge/linux-64/r-diffobj-0.3.6-r43h2b5f3a1_0.conda#c6140aca9c964debc0b06b8263c77027
https://conda.anaconda.org/conda-forge/linux-64/r-ellipsis-0.3.2-r43hb1dbf0f_3.conda#b8349582a31b17184a7674f4c847a5ad
https://conda.anaconda.org/conda-forge/noarch/r-here-1.0.1-r43hc72bb7e_3.conda#32b6ba56497d82690a8d4365f1d6b643
https://conda.anaconda.org/conda-forge/noarch/r-highr-0.11-r43hc72bb7e_1.conda#23e4d2048f51cbe7c0fb8b9230edc701
https://conda.anaconda.org/conda-forge/noarch/r-lifecycle-1.0.4-r43hc72bb7e_1.conda#7a0a8ba1fe2cf12b39062d8291e2fca8
https://conda.anaconda.org/conda-forge/linux-64/r-matrix-1.6_5-r43he966344_1.conda#df8a1175a62460e02dbf340966cbfeab
https://conda.anaconda.org/conda-forge/noarch/r-munsell-0.5.1-r43hc72bb7e_1.conda#8b2f9bb8064ae0896ffedd984661a2d5
https://conda.anaconda.org/conda-forge/linux-64/r-nlme-3.1_168-r43hb67ce94_0.conda#4add921d1d71c646c037a91202d0f75f
https://conda.anaconda.org/conda-forge/noarch/r-optparse-1.7.5-r43hc72bb7e_1.conda#ae32080aac0f74e73e7cd6e774db1c73
https://conda.anaconda.org/conda-forge/noarch/r-prettyunits-1.2.0-r43hc72bb7e_1.conda#cf655364ee1c16ad385e829987a67458
https://conda.anaconda.org/conda-forge/linux-64/r-processx-3.8.6-r43h2b5f3a1_0.conda#0c520bb09bccbf159041a053cfe859aa
https://conda.anaconda.org/conda-forge/linux-64/r-rcpptoml-0.2.3-r43h93ab643_0.conda#67405742c69264b329344fa3e9d1ed37
https://conda.anaconda.org/conda-forge/noarch/r-sessioninfo-1.2.3-r43hc72bb7e_0.conda#13a8f242fc3aac7e8c572041c387f3fa
https://conda.anaconda.org/conda-forge/noarch/r-showtextdb-3.0-r43hc72bb7e_3.conda#04d34fd6f94138a158d550c2f2fcce96
https://conda.anaconda.org/conda-forge/linux-64/r-timechange-0.3.0-r43ha18555a_1.conda#da155dc726414cca04cdc76a297c4463
https://conda.anaconda.org/conda-forge/noarch/r-tinytex-0.57-r43hc72bb7e_0.conda#1986e92b398b17e8c88353dc2e444939
https://conda.anaconda.org/conda-forge/linux-64/r-tzdb-0.5.0-r43h3697838_1.conda#4a274c181d15c97ff48421f385f12392
https://conda.anaconda.org/conda-forge/linux-64/r-xml2-1.4.0-r43hc6fd541_0.conda#818fd4bb19e2c4cbfe84dff41eab6ff8
https://conda.anaconda.org/conda-forge/linux-64/libarrow-dataset-21.0.0-h635bf11_8_cpu.conda#e0aef220789dd2234cbfb8baf759d405
https://conda.anaconda.org/conda-forge/noarch/r-callr-3.7.6-r43hc72bb7e_1.conda#cb327fa8f604dce0de71143459185b9f
https://conda.anaconda.org/conda-forge/noarch/r-gtable-0.3.6-r43hc72bb7e_0.conda#08f643f31ac131aa067e42ad5f832313
https://conda.anaconda.org/conda-forge/linux-64/r-htmltools-0.5.8.1-r43ha18555a_1.conda#7b26688542e1b7a39fc62affeef9d32e
https://conda.anaconda.org/conda-forge/noarch/r-knitr-1.50-r43hc72bb7e_0.conda#8223b7a4d358fa5b5f8403c33885be13
https://conda.anaconda.org/conda-forge/linux-64/r-lubridate-1.9.4-r43h2b5f3a1_0.conda#ea3d9586d87bb3644505fe792e84f884
https://conda.anaconda.org/conda-forge/noarch/r-memoise-2.0.1-r43hc72bb7e_3.conda#98e3d2eb6635a5f7b8af487f47184a98
https://conda.anaconda.org/conda-forge/linux-64/r-mgcv-1.9_3-r43h2ae2be5_0.conda#66398dfe29e3bc9c415393ddb4ea864c
https://conda.anaconda.org/conda-forge/linux-64/r-openssl-2.3.3-r43he8289e2_0.conda#00a4cd47c633cd3c83f3e5e960b3ddf5
https://conda.anaconda.org/conda-forge/linux-64/r-reticulate-1.43.0-r43h3697838_0.conda#10ba9b73abf994e73a117d6abf8af189
https://conda.anaconda.org/conda-forge/noarch/r-scales-1.4.0-r43hc72bb7e_0.conda#ba5fa427e6421aded56f95bd925e3572
https://conda.anaconda.org/conda-forge/linux-64/r-showtext-0.9_7-r43h97c7515_1.conda#eb62176167fe4386530090e92e614824
https://conda.anaconda.org/conda-forge/linux-64/r-vctrs-0.6.5-r43h0d4f4ea_1.conda#7f4c30bb576acec2a682c40790c2d406
https://conda.anaconda.org/conda-forge/linux-64/libarrow-substrait-21.0.0-h3f74fd7_8_cpu.conda#86f6d887749f5f7f30d91ef6a5e01515
https://conda.anaconda.org/conda-forge/noarch/r-fontawesome-0.5.3-r43hc72bb7e_0.conda#e2061ac4dd2fcbcd59611167f03eec19
https://conda.anaconda.org/conda-forge/noarch/r-hms-1.1.3-r43hc72bb7e_2.conda#5eed9ddd04bbb39ecf29045e2b4cc079
https://conda.anaconda.org/conda-forge/noarch/r-httr-1.4.7-r43hc72bb7e_1.conda#746050b53c705dbe5ac9c5fbce51737a
https://conda.anaconda.org/conda-forge/noarch/r-httr2-1.2.1-r43hc72bb7e_0.conda#194154bc9309a4f92bd47acb26e7fe0b
https://conda.anaconda.org/conda-forge/noarch/r-jose-1.2.1-r43hc72bb7e_0.conda#cbd0963f7de380887a2be29a597aab81
https://conda.anaconda.org/conda-forge/noarch/r-jquerylib-0.1.4-r43hc72bb7e_3.conda#39eb4928bdd8752b548f7cbe8fa7cabd
https://conda.anaconda.org/conda-forge/noarch/r-pillar-1.11.0-r43hc72bb7e_0.conda#657672af86f156a821b7a8d5ac88f916
https://conda.anaconda.org/conda-forge/noarch/r-pkgbuild-1.4.8-r43hc72bb7e_0.conda#a01e1a882561ca21a84aa388faed7f25
https://conda.anaconda.org/conda-forge/linux-64/r-purrr-1.1.0-r43h54b55ab_0.conda#b38b66e713a00d34363835caab286412
https://conda.anaconda.org/conda-forge/noarch/r-rathena-2.6.1-r43hc72bb7e_1.conda#575e626629edf919672bd5beb4fe5b65
https://conda.anaconda.org/conda-forge/linux-64/r-sass-0.4.10-r43h93ab643_0.conda#7e74b09775521a8ac1464c413e3c2646
https://conda.anaconda.org/conda-forge/noarch/r-stringr-1.5.2-r43h785f33e_0.conda#6607925b2cf647865087a739429ad04e
https://conda.anaconda.org/conda-forge/noarch/r-tidyselect-1.2.1-r43hc72bb7e_1.conda#f55367f874307bb57575ac1506079178
https://conda.anaconda.org/conda-forge/linux-64/r-arrow-21.0.0-r43hecca717_0.conda#884f36a460941bbfd33413866d1137be
https://conda.anaconda.org/conda-forge/noarch/r-bslib-0.9.0-r43hc72bb7e_0.conda#7d028d04efd751bc558a6aaab0940f15
https://conda.anaconda.org/conda-forge/linux-64/r-paws.common-0.8.5-r43h3697838_0.conda#87357c3616b81871355f734b3dcf4861
https://conda.anaconda.org/conda-forge/noarch/r-pkgload-1.4.0-r43hc72bb7e_0.conda#7edfb2d0c6ec1568c58369bf326ad18b
https://conda.anaconda.org/conda-forge/noarch/r-progress-1.2.3-r43hc72bb7e_1.conda#e50711aa4ed08fae208148998c92f296
https://conda.anaconda.org/conda-forge/linux-64/r-tibble-3.3.0-r43h2b5f3a1_0.conda#e12f4dc87c2ab21d2e4384cbf8f42111
https://conda.anaconda.org/conda-forge/linux-64/r-dplyr-1.1.4-r43h0d4f4ea_1.conda#ab942d9107cdd78e74410f9ec48e50c7
https://conda.anaconda.org/conda-forge/noarch/r-ggplot2-3.5.2-r43hc72bb7e_0.conda#0245640d7215b4e4f1f07ce7cb08378f
https://conda.anaconda.org/conda-forge/noarch/r-paws.analytics-0.9.0-r43hc72bb7e_0.conda#daf427fe33abbfd064dfced23c0d9b7f
https://conda.anaconda.org/conda-forge/noarch/r-paws.application.integration-0.9.0-r43hc72bb7e_0.conda#f8a502188b6af3fb5f8c8e84520e3ca4
https://conda.anaconda.org/conda-forge/noarch/r-paws.compute-0.9.0-r43hc72bb7e_0.conda#b081348cd88a8f7c4dec95d5a8271560
https://conda.anaconda.org/conda-forge/noarch/r-paws.cost.management-0.9.0-r43hc72bb7e_0.conda#b17939a39fdd9621fc71641700054a1e
https://conda.anaconda.org/conda-forge/noarch/r-paws.customer.engagement-0.9.0-r43hc72bb7e_0.conda#10c39f24d325c38cae8fbd48fc342ada
https://conda.anaconda.org/conda-forge/noarch/r-paws.database-0.9.0-r43hc72bb7e_0.conda#ad1fa8327ce89f2912b12258d81146a5
https://conda.anaconda.org/conda-forge/noarch/r-paws.developer.tools-0.9.0-r43hc72bb7e_0.conda#77e5731ca31ca00b7b30112ce7238fe4
https://conda.anaconda.org/conda-forge/noarch/r-paws.end.user.computing-0.9.0-r43hc72bb7e_0.conda#6985f0296c4553e62126c364597b8eb5
https://conda.anaconda.org/conda-forge/noarch/r-paws.machine.learning-0.9.0-r43hc72bb7e_0.conda#746e2e90716a945d5cb09736c4409514
https://conda.anaconda.org/conda-forge/noarch/r-paws.management-0.9.0-r43hc72bb7e_0.conda#9d43b929a09a13aaa595bb449f31e334
https://conda.anaconda.org/conda-forge/noarch/r-paws.networking-0.9.0-r43hc72bb7e_0.conda#d516d9990b2691c234c417467b3968ec
https://conda.anaconda.org/conda-forge/noarch/r-paws.security.identity-0.9.0-r43hc72bb7e_0.conda#d81d5976c7aa13be2767b2b7acb8f755
https://conda.anaconda.org/conda-forge/noarch/r-paws.storage-0.9.0-r43hc72bb7e_0.conda#b4e91ad8f987b068c7ec4e393176b1d7
https://conda.anaconda.org/conda-forge/noarch/r-rematch2-2.1.2-r43hc72bb7e_4.conda#3a4a5f3929460a3e8450d94aac2d85c2
https://conda.anaconda.org/conda-forge/noarch/r-rmarkdown-2.29-r43hc72bb7e_0.conda#5ecdb9c42acf2f0730c9793dfac09b8d
https://conda.anaconda.org/conda-forge/linux-64/r-vroom-1.6.5-r43h0d4f4ea_1.conda#2fc1d56664063aaa4ffd43a702a71baf
https://conda.anaconda.org/conda-forge/noarch/r-emojifont-0.5.5-r43hc72bb7e_4.conda#3a1283d1468d9f8788b845e98c91a7e8
https://conda.anaconda.org/conda-forge/linux-64/r-ggrepel-0.9.6-r43h3697838_1.conda#012eb5bc24e43770865fb2758a58c846
https://conda.anaconda.org/conda-forge/noarch/r-paws-0.9.0-r43hc72bb7e_0.conda#dfddc6a689b729db0a7266571d834699
https://conda.anaconda.org/conda-forge/linux-64/r-readr-2.1.5-r43h0d4f4ea_1.conda#e3ffadf38171b07d753f0bb4f744d73f
https://conda.anaconda.org/conda-forge/linux-64/r-tidyr-1.3.1-r43h0d4f4ea_1.conda#f3e46eed831fa7cbce60dfead1ff6268
https://conda.anaconda.org/conda-forge/noarch/r-waldo-0.6.2-r43hc72bb7e_0.conda#319461a2c5341b10724e098812d8eb89
https://conda.anaconda.org/conda-forge/linux-64/r-testthat-3.2.3-r43h3697838_1.conda#473f5a6d2faa5832ded8e8e5be6a207b
https://conda.anaconda.org/umccr/noarch/r-dracarys-0.16.0-r43_0.tar.bz2#1d483ea4208a25fe0898a8e934aaecfc
https://conda.anaconda.org/umccr/noarch/r-rportal-0.1.6-py311r43_0.tar.bz2#84551aee21403944423f48db71af35d5
